// !$*UTF8*$!
{
	archiveVersion = 1;
	classes = {
	};
	objectVersion = 56;
	objects = {

/* Begin PBXBuildFile section */
		C50D261A2A30E70000A33216 /* AppState.swift in Sources */ = {isa = PBXBuildFile; fileRef = C56C21D12A2FB669008D2CBE /* AppState.swift */; };
		C50D261C2A329A7B00A33216 /* SettingsView.swift in Sources */ = {isa = PBXBuildFile; fileRef = C50D261B2A329A7B00A33216 /* SettingsView.swift */; };
		C5302AD22A5993280069C684 /* Localizable.xcstrings in Resources */ = {isa = PBXBuildFile; fileRef = C5302AD12A5993280069C684 /* Localizable.xcstrings */; };
		C5302ADE2A5AE6530069C684 /* DriveLoggerKit.docc in Sources */ = {isa = PBXBuildFile; fileRef = C5302ADD2A5AE6530069C684 /* DriveLoggerKit.docc */; };
		C5302AE42A5AE6530069C684 /* DriveLoggerKit.framework in Frameworks */ = {isa = PBXBuildFile; fileRef = C5302ADA2A5AE6530069C684 /* DriveLoggerKit.framework */; };
		C5302AEB2A5AE6530069C684 /* DriveLoggerKitTests.swift in Sources */ = {isa = PBXBuildFile; fileRef = C5302AEA2A5AE6530069C684 /* DriveLoggerKitTests.swift */; };
		C5302AEC2A5AE6530069C684 /* DriveLoggerKit.h in Headers */ = {isa = PBXBuildFile; fileRef = C5302ADC2A5AE6530069C684 /* DriveLoggerKit.h */; settings = {ATTRIBUTES = (Public, ); }; };
		C5302AEF2A5AE6530069C684 /* DriveLoggerKit.framework in Frameworks */ = {isa = PBXBuildFile; fileRef = C5302ADA2A5AE6530069C684 /* DriveLoggerKit.framework */; };
		C5302AF02A5AE6530069C684 /* DriveLoggerKit.framework in Embed Frameworks */ = {isa = PBXBuildFile; fileRef = C5302ADA2A5AE6530069C684 /* DriveLoggerKit.framework */; settings = {ATTRIBUTES = (CodeSignOnCopy, RemoveHeadersOnCopy, ); }; };
		C5302B042A5AE6750069C684 /* DriveLoggerStatistics.swift in Sources */ = {isa = PBXBuildFile; fileRef = C5302AF72A5AE6740069C684 /* DriveLoggerStatistics.swift */; };
		C5302B052A5AE6750069C684 /* DriveLoggerData.swift in Sources */ = {isa = PBXBuildFile; fileRef = C5302B022A5AE6750069C684 /* DriveLoggerData.swift */; };
		C5302B062A5AE6750069C684 /* CurrentDrive.model.swift in Sources */ = {isa = PBXBuildFile; fileRef = C5302AFB2A5AE6740069C684 /* CurrentDrive.model.swift */; };
		C5302B072A5AE6750069C684 /* WeatherService.swift in Sources */ = {isa = PBXBuildFile; fileRef = C5302B032A5AE6750069C684 /* WeatherService.swift */; };
		C5302B082A5AE6750069C684 /* Drive.model.swift in Sources */ = {isa = PBXBuildFile; fileRef = C5302AFD2A5AE6740069C684 /* Drive.model.swift */; };
		C5302B092A5AE6750069C684 /* SampleData.swift in Sources */ = {isa = PBXBuildFile; fileRef = C5302B012A5AE6750069C684 /* SampleData.swift */; };
		C5302B0A2A5AE6750069C684 /* DLDisk.service.swift in Sources */ = {isa = PBXBuildFile; fileRef = C5302AFE2A5AE6740069C684 /* DLDisk.service.swift */; };
		C5302B0B2A5AE6750069C684 /* UserPreferences.model.swift in Sources */ = {isa = PBXBuildFile; fileRef = C5302AFF2A5AE6740069C684 /* UserPreferences.model.swift */; };
		C5302B0D2A5AE6930069C684 /* Disk in Frameworks */ = {isa = PBXBuildFile; productRef = C5302B0C2A5AE6930069C684 /* Disk */; };
		C5302B0E2A5AE7090069C684 /* DriveLoggerKit.framework in Frameworks */ = {isa = PBXBuildFile; fileRef = C5302ADA2A5AE6530069C684 /* DriveLoggerKit.framework */; };
		C5302B0F2A5AE7090069C684 /* DriveLoggerKit.framework in Embed Frameworks */ = {isa = PBXBuildFile; fileRef = C5302ADA2A5AE6530069C684 /* DriveLoggerKit.framework */; settings = {ATTRIBUTES = (CodeSignOnCopy, RemoveHeadersOnCopy, ); }; };
		C5302B132A5AE87D0069C684 /* Foundation.framework in Frameworks */ = {isa = PBXBuildFile; fileRef = C5302B122A5AE87D0069C684 /* Foundation.framework */; };
		C5302B192A5AFC440069C684 /* AppShortcutsProvider.swift in Sources */ = {isa = PBXBuildFile; fileRef = C5302B162A5AFB7D0069C684 /* AppShortcutsProvider.swift */; };
		C5302B1B2A5AFCB50069C684 /* StartDrive.intent.swift in Sources */ = {isa = PBXBuildFile; fileRef = C5302B142A5AFB160069C684 /* StartDrive.intent.swift */; };
		C5302B1D2A5AFE180069C684 /* EndDrive.intent.swift in Sources */ = {isa = PBXBuildFile; fileRef = C5302B1C2A5AFE180069C684 /* EndDrive.intent.swift */; };
		C5302B242A5B06F70069C684 /* WidgetKit.framework in Frameworks */ = {isa = PBXBuildFile; fileRef = C5302B232A5B06F70069C684 /* WidgetKit.framework */; };
		C5302B262A5B06F70069C684 /* SwiftUI.framework in Frameworks */ = {isa = PBXBuildFile; fileRef = C5302B252A5B06F70069C684 /* SwiftUI.framework */; };
		C5302B292A5B06F70069C684 /* DL_Driving_ActivityBundle.swift in Sources */ = {isa = PBXBuildFile; fileRef = C5302B282A5B06F70069C684 /* DL_Driving_ActivityBundle.swift */; };
		C5302B2B2A5B06F70069C684 /* DL_Driving_ActivityLiveActivity.swift in Sources */ = {isa = PBXBuildFile; fileRef = C5302B2A2A5B06F70069C684 /* DL_Driving_ActivityLiveActivity.swift */; };
		C5302B2D2A5B06F70069C684 /* DL_Driving_Activity.swift in Sources */ = {isa = PBXBuildFile; fileRef = C5302B2C2A5B06F70069C684 /* DL_Driving_Activity.swift */; };
		C5302B2F2A5B06F90069C684 /* Assets.xcassets in Resources */ = {isa = PBXBuildFile; fileRef = C5302B2E2A5B06F90069C684 /* Assets.xcassets */; };
		C5302B332A5B06F90069C684 /* DL Driving ActivityExtension.appex in Embed Foundation Extensions */ = {isa = PBXBuildFile; fileRef = C5302B222A5B06F60069C684 /* DL Driving ActivityExtension.appex */; settings = {ATTRIBUTES = (RemoveHeadersOnCopy, ); }; };
		C5302B382A5B09020069C684 /* DLDrivingActivity Attributes.swift in Sources */ = {isa = PBXBuildFile; fileRef = C5302B372A5B09020069C684 /* DLDrivingActivity Attributes.swift */; };
		C56C21322A2EE4E7008D2CBE /* Drive_LoggerApp.swift in Sources */ = {isa = PBXBuildFile; fileRef = C56C21312A2EE4E7008D2CBE /* Drive_LoggerApp.swift */; };
		C56C21362A2EE4E7008D2CBE /* Assets.xcassets in Resources */ = {isa = PBXBuildFile; fileRef = C56C21352A2EE4E7008D2CBE /* Assets.xcassets */; };
		C56C21392A2EE4E8008D2CBE /* Preview Assets.xcassets in Resources */ = {isa = PBXBuildFile; fileRef = C56C21382A2EE4E8008D2CBE /* Preview Assets.xcassets */; };
		C56C21472A2EE4E8008D2CBE /* Drive_LoggerTests.swift in Sources */ = {isa = PBXBuildFile; fileRef = C56C21462A2EE4E8008D2CBE /* Drive_LoggerTests.swift */; };
		C56C21512A2EE4E8008D2CBE /* Drive_LoggerUITests.swift in Sources */ = {isa = PBXBuildFile; fileRef = C56C21502A2EE4E8008D2CBE /* Drive_LoggerUITests.swift */; };
		C56C21532A2EE4E8008D2CBE /* Drive_LoggerUITestsLaunchTests.swift in Sources */ = {isa = PBXBuildFile; fileRef = C56C21522A2EE4E8008D2CBE /* Drive_LoggerUITestsLaunchTests.swift */; };
		C56C21682A2EE53A008D2CBE /* DriveLoggerUI.docc in Sources */ = {isa = PBXBuildFile; fileRef = C56C21672A2EE53A008D2CBE /* DriveLoggerUI.docc */; };
		C56C216E2A2EE53A008D2CBE /* DriveLoggerUI.framework in Frameworks */ = {isa = PBXBuildFile; fileRef = C56C21642A2EE539008D2CBE /* DriveLoggerUI.framework */; };
		C56C21752A2EE53A008D2CBE /* DriveLoggerUITests.swift in Sources */ = {isa = PBXBuildFile; fileRef = C56C21742A2EE53A008D2CBE /* DriveLoggerUITests.swift */; };
		C56C21762A2EE53A008D2CBE /* DriveLoggerUI.h in Headers */ = {isa = PBXBuildFile; fileRef = C56C21662A2EE53A008D2CBE /* DriveLoggerUI.h */; settings = {ATTRIBUTES = (Public, ); }; };
		C56C21792A2EE53A008D2CBE /* DriveLoggerUI.framework in Frameworks */ = {isa = PBXBuildFile; fileRef = C56C21642A2EE539008D2CBE /* DriveLoggerUI.framework */; };
		C56C217A2A2EE53A008D2CBE /* DriveLoggerUI.framework in Embed Frameworks */ = {isa = PBXBuildFile; fileRef = C56C21642A2EE539008D2CBE /* DriveLoggerUI.framework */; settings = {ATTRIBUTES = (CodeSignOnCopy, RemoveHeadersOnCopy, ); }; };
		C56C21862A2EE56E008D2CBE /* CardModifier.swift in Sources */ = {isa = PBXBuildFile; fileRef = C56C21822A2EE56D008D2CBE /* CardModifier.swift */; };
		C56C21872A2EE56E008D2CBE /* DriveCard.swift in Sources */ = {isa = PBXBuildFile; fileRef = C56C21832A2EE56E008D2CBE /* DriveCard.swift */; };
		C56C21882A2EE56E008D2CBE /* ProgressBar.swift in Sources */ = {isa = PBXBuildFile; fileRef = C56C21842A2EE56E008D2CBE /* ProgressBar.swift */; };
		C56C21892A2EE56E008D2CBE /* LargeButton.swift in Sources */ = {isa = PBXBuildFile; fileRef = C56C21852A2EE56E008D2CBE /* LargeButton.swift */; };
		C56C218E2A2EE589008D2CBE /* ContentView.swift in Sources */ = {isa = PBXBuildFile; fileRef = C56C218B2A2EE589008D2CBE /* ContentView.swift */; };
		C56C218F2A2EE589008D2CBE /* DrivingView.swift in Sources */ = {isa = PBXBuildFile; fileRef = C56C218C2A2EE589008D2CBE /* DrivingView.swift */; };
		C56C21942A2EE5B7008D2CBE /* RecentDrivesSection.swift in Sources */ = {isa = PBXBuildFile; fileRef = C56C21902A2EE5B6008D2CBE /* RecentDrivesSection.swift */; };
		C56C21952A2EE5B7008D2CBE /* StatisticsSection.swift in Sources */ = {isa = PBXBuildFile; fileRef = C56C21912A2EE5B7008D2CBE /* StatisticsSection.swift */; };
		C56C21962A2EE5B7008D2CBE /* HomeView.swift in Sources */ = {isa = PBXBuildFile; fileRef = C56C21922A2EE5B7008D2CBE /* HomeView.swift */; };
		C56C21972A2EE5B7008D2CBE /* HomeHeaderSection.swift in Sources */ = {isa = PBXBuildFile; fileRef = C56C21932A2EE5B7008D2CBE /* HomeHeaderSection.swift */; };
		C56C21D02A2F0DCB008D2CBE /* AllDrivesView.swift in Sources */ = {isa = PBXBuildFile; fileRef = C56C21CF2A2F0DCB008D2CBE /* AllDrivesView.swift */; };
		C56C21D72A2FE5A4008D2CBE /* Assets.xcassets in Resources */ = {isa = PBXBuildFile; fileRef = C56C21352A2EE4E7008D2CBE /* Assets.xcassets */; };
		C56C21DC2A3009BA008D2CBE /* DriveEditorView.swift in Sources */ = {isa = PBXBuildFile; fileRef = C56C21DB2A3009BA008D2CBE /* DriveEditorView.swift */; };
		C57137C92A5F214E00063661 /* DriveLoggerKit.framework in Frameworks */ = {isa = PBXBuildFile; fileRef = C5302ADA2A5AE6530069C684 /* DriveLoggerKit.framework */; };
		C57137CA2A5F214E00063661 /* DriveLoggerKit.framework in Embed Frameworks */ = {isa = PBXBuildFile; fileRef = C5302ADA2A5AE6530069C684 /* DriveLoggerKit.framework */; settings = {ATTRIBUTES = (CodeSignOnCopy, RemoveHeadersOnCopy, ); }; };
		C57FAD452A606FDD00B7AE44 /* PercentCompleteStatCard.swift in Sources */ = {isa = PBXBuildFile; fileRef = C57FAD442A606FDD00B7AE44 /* PercentCompleteStatCard.swift */; };
		C57FAD472A6070E300B7AE44 /* TimeDrivenTodayStatCard.swift in Sources */ = {isa = PBXBuildFile; fileRef = C57FAD462A6070E300B7AE44 /* TimeDrivenTodayStatCard.swift */; };
		C57FAD492A6071CE00B7AE44 /* TimeUntilGoalStatCard.swift in Sources */ = {isa = PBXBuildFile; fileRef = C57FAD482A6071CE00B7AE44 /* TimeUntilGoalStatCard.swift */; };
		C57FAD4F2A60EE3D00B7AE44 /* WidgetKit.framework in Frameworks */ = {isa = PBXBuildFile; fileRef = C5302B232A5B06F70069C684 /* WidgetKit.framework */; };
		C57FAD502A60EE3D00B7AE44 /* SwiftUI.framework in Frameworks */ = {isa = PBXBuildFile; fileRef = C5302B252A5B06F70069C684 /* SwiftUI.framework */; };
		C57FAD532A60EE3E00B7AE44 /* DLWidgetsBundle.swift in Sources */ = {isa = PBXBuildFile; fileRef = C57FAD522A60EE3E00B7AE44 /* DLWidgetsBundle.swift */; };
		C57FAD552A60EE3E00B7AE44 /* DrivenTodayWidget.swift in Sources */ = {isa = PBXBuildFile; fileRef = C57FAD542A60EE3E00B7AE44 /* DrivenTodayWidget.swift */; };
		C57FAD5B2A60EE4000B7AE44 /* DLWidgetsExtension.appex in Embed Foundation Extensions */ = {isa = PBXBuildFile; fileRef = C57FAD4E2A60EE3D00B7AE44 /* DLWidgetsExtension.appex */; settings = {ATTRIBUTES = (RemoveHeadersOnCopy, ); }; };
		C57FAD5F2A60EE5300B7AE44 /* DriveLoggerKit.framework in Frameworks */ = {isa = PBXBuildFile; fileRef = C5302ADA2A5AE6530069C684 /* DriveLoggerKit.framework */; };
		C57FAD602A60EE5300B7AE44 /* DriveLoggerKit.framework in Embed Frameworks */ = {isa = PBXBuildFile; fileRef = C5302ADA2A5AE6530069C684 /* DriveLoggerKit.framework */; settings = {ATTRIBUTES = (CodeSignOnCopy, RemoveHeadersOnCopy, ); }; };
		C57FAD632A60EE5300B7AE44 /* DriveLoggerUI.framework in Frameworks */ = {isa = PBXBuildFile; fileRef = C56C21642A2EE539008D2CBE /* DriveLoggerUI.framework */; };
		C57FAD642A60EE5300B7AE44 /* DriveLoggerUI.framework in Embed Frameworks */ = {isa = PBXBuildFile; fileRef = C56C21642A2EE539008D2CBE /* DriveLoggerUI.framework */; settings = {ATTRIBUTES = (CodeSignOnCopy, RemoveHeadersOnCopy, ); }; };
		C57FAD692A60F56B00B7AE44 /* Assets.xcassets in Resources */ = {isa = PBXBuildFile; fileRef = C56C21352A2EE4E7008D2CBE /* Assets.xcassets */; };
		C57FAD6A2A60F56C00B7AE44 /* Assets.xcassets in Resources */ = {isa = PBXBuildFile; fileRef = C56C21352A2EE4E7008D2CBE /* Assets.xcassets */; };
		C57FAD6D2A60F68500B7AE44 /* PercentCompleteWidget.swift in Sources */ = {isa = PBXBuildFile; fileRef = C57FAD6B2A60F5C200B7AE44 /* PercentCompleteWidget.swift */; };
		C57FAD702A61793700B7AE44 /* TimeUntilGoalWidget.swift in Sources */ = {isa = PBXBuildFile; fileRef = C57FAD6E2A61793300B7AE44 /* TimeUntilGoalWidget.swift */; };
		C57FAD722A617B7B00B7AE44 /* DLWidgetEntry.swift in Sources */ = {isa = PBXBuildFile; fileRef = C57FAD712A617B7B00B7AE44 /* DLWidgetEntry.swift */; };
		C57FAD742A6187C600B7AE44 /* AmountDriven.intent.swift in Sources */ = {isa = PBXBuildFile; fileRef = C57FAD732A6187C600B7AE44 /* AmountDriven.intent.swift */; };
		C57FAD762A618EFD00B7AE44 /* PercentofGoal.intent.swift in Sources */ = {isa = PBXBuildFile; fileRef = C57FAD752A618EFD00B7AE44 /* PercentofGoal.intent.swift */; };
		C58C53742A33AC65006FD700 /* PercentComplete.swift in Sources */ = {isa = PBXBuildFile; fileRef = C58C53732A33AC65006FD700 /* PercentComplete.swift */; };
		C58C53762A34CD39006FD700 /* NumberStat.swift in Sources */ = {isa = PBXBuildFile; fileRef = C58C53752A34CD39006FD700 /* NumberStat.swift */; };
		C59C33872A62DF0300635F02 /* Localizable.xcstrings in Resources */ = {isa = PBXBuildFile; fileRef = C59C33862A62DF0300635F02 /* Localizable.xcstrings */; };
		C59C33892A62DF1100635F02 /* Localizable.xcstrings in Resources */ = {isa = PBXBuildFile; fileRef = C59C33882A62DF1100635F02 /* Localizable.xcstrings */; };
		C59C338B2A6435F500635F02 /* TimeDisplayView.swift in Sources */ = {isa = PBXBuildFile; fileRef = C59C338A2A6435F500635F02 /* TimeDisplayView.swift */; };
		C59C33902A645C8100635F02 /* SetupScreen.swift in Sources */ = {isa = PBXBuildFile; fileRef = C59C338F2A645C8100635F02 /* SetupScreen.swift */; };
		C59C33922A647C1500635F02 /* TimeUntilGoal.intent.swift in Sources */ = {isa = PBXBuildFile; fileRef = C59C33912A647C1500635F02 /* TimeUntilGoal.intent.swift */; };
		C59EC8BA2A5F4B3F00F99D5B /* WeatherTesting.swift in Sources */ = {isa = PBXBuildFile; fileRef = C59EC8B92A5F4B3F00F99D5B /* WeatherTesting.swift */; };
/* End PBXBuildFile section */

/* Begin PBXContainerItemProxy section */
		C5302AE52A5AE6530069C684 /* PBXContainerItemProxy */ = {
			isa = PBXContainerItemProxy;
			containerPortal = C56C21262A2EE4E7008D2CBE /* Project object */;
			proxyType = 1;
			remoteGlobalIDString = C5302AD92A5AE6530069C684;
			remoteInfo = DriveLoggerKit;
		};
		C5302AE72A5AE6530069C684 /* PBXContainerItemProxy */ = {
			isa = PBXContainerItemProxy;
			containerPortal = C56C21262A2EE4E7008D2CBE /* Project object */;
			proxyType = 1;
			remoteGlobalIDString = C56C212D2A2EE4E7008D2CBE;
			remoteInfo = "Drive Logger";
		};
		C5302AED2A5AE6530069C684 /* PBXContainerItemProxy */ = {
			isa = PBXContainerItemProxy;
			containerPortal = C56C21262A2EE4E7008D2CBE /* Project object */;
			proxyType = 1;
			remoteGlobalIDString = C5302AD92A5AE6530069C684;
			remoteInfo = DriveLoggerKit;
		};
		C5302B102A5AE7090069C684 /* PBXContainerItemProxy */ = {
			isa = PBXContainerItemProxy;
			containerPortal = C56C21262A2EE4E7008D2CBE /* Project object */;
			proxyType = 1;
			remoteGlobalIDString = C5302AD92A5AE6530069C684;
			remoteInfo = DriveLoggerKit;
		};
		C5302B312A5B06F90069C684 /* PBXContainerItemProxy */ = {
			isa = PBXContainerItemProxy;
			containerPortal = C56C21262A2EE4E7008D2CBE /* Project object */;
			proxyType = 1;
			remoteGlobalIDString = C5302B212A5B06F60069C684;
			remoteInfo = "DL Driving ActivityExtension";
		};
		C56C21432A2EE4E8008D2CBE /* PBXContainerItemProxy */ = {
			isa = PBXContainerItemProxy;
			containerPortal = C56C21262A2EE4E7008D2CBE /* Project object */;
			proxyType = 1;
			remoteGlobalIDString = C56C212D2A2EE4E7008D2CBE;
			remoteInfo = "Drive Logger";
		};
		C56C214D2A2EE4E8008D2CBE /* PBXContainerItemProxy */ = {
			isa = PBXContainerItemProxy;
			containerPortal = C56C21262A2EE4E7008D2CBE /* Project object */;
			proxyType = 1;
			remoteGlobalIDString = C56C212D2A2EE4E7008D2CBE;
			remoteInfo = "Drive Logger";
		};
		C56C216F2A2EE53A008D2CBE /* PBXContainerItemProxy */ = {
			isa = PBXContainerItemProxy;
			containerPortal = C56C21262A2EE4E7008D2CBE /* Project object */;
			proxyType = 1;
			remoteGlobalIDString = C56C21632A2EE539008D2CBE;
			remoteInfo = DriveLoggerUI;
		};
		C56C21712A2EE53A008D2CBE /* PBXContainerItemProxy */ = {
			isa = PBXContainerItemProxy;
			containerPortal = C56C21262A2EE4E7008D2CBE /* Project object */;
			proxyType = 1;
			remoteGlobalIDString = C56C212D2A2EE4E7008D2CBE;
			remoteInfo = "Drive Logger";
		};
		C56C21772A2EE53A008D2CBE /* PBXContainerItemProxy */ = {
			isa = PBXContainerItemProxy;
			containerPortal = C56C21262A2EE4E7008D2CBE /* Project object */;
			proxyType = 1;
			remoteGlobalIDString = C56C21632A2EE539008D2CBE;
			remoteInfo = DriveLoggerUI;
		};
		C57137CB2A5F214E00063661 /* PBXContainerItemProxy */ = {
			isa = PBXContainerItemProxy;
			containerPortal = C56C21262A2EE4E7008D2CBE /* Project object */;
			proxyType = 1;
			remoteGlobalIDString = C5302AD92A5AE6530069C684;
			remoteInfo = DriveLoggerKit;
		};
		C57FAD592A60EE4000B7AE44 /* PBXContainerItemProxy */ = {
			isa = PBXContainerItemProxy;
			containerPortal = C56C21262A2EE4E7008D2CBE /* Project object */;
			proxyType = 1;
			remoteGlobalIDString = C57FAD4D2A60EE3D00B7AE44;
			remoteInfo = DLWidgetsExtension;
		};
		C57FAD612A60EE5300B7AE44 /* PBXContainerItemProxy */ = {
			isa = PBXContainerItemProxy;
			containerPortal = C56C21262A2EE4E7008D2CBE /* Project object */;
			proxyType = 1;
			remoteGlobalIDString = C5302AD92A5AE6530069C684;
			remoteInfo = DriveLoggerKit;
		};
		C57FAD652A60EE5300B7AE44 /* PBXContainerItemProxy */ = {
			isa = PBXContainerItemProxy;
			containerPortal = C56C21262A2EE4E7008D2CBE /* Project object */;
			proxyType = 1;
			remoteGlobalIDString = C56C21632A2EE539008D2CBE;
			remoteInfo = DriveLoggerUI;
		};
/* End PBXContainerItemProxy section */

/* Begin PBXCopyFilesBuildPhase section */
		C56C217E2A2EE53A008D2CBE /* Embed Frameworks */ = {
			isa = PBXCopyFilesBuildPhase;
			buildActionMask = 2147483647;
			dstPath = "";
			dstSubfolderSpec = 10;
			files = (
				C5302AF02A5AE6530069C684 /* DriveLoggerKit.framework in Embed Frameworks */,
				C56C217A2A2EE53A008D2CBE /* DriveLoggerUI.framework in Embed Frameworks */,
			);
			name = "Embed Frameworks";
			runOnlyForDeploymentPostprocessing = 0;
		};
		C56C21A72A2EE61A008D2CBE /* Embed Foundation Extensions */ = {
			isa = PBXCopyFilesBuildPhase;
			buildActionMask = 2147483647;
			dstPath = "";
			dstSubfolderSpec = 13;
			files = (
				C57FAD5B2A60EE4000B7AE44 /* DLWidgetsExtension.appex in Embed Foundation Extensions */,
				C5302B332A5B06F90069C684 /* DL Driving ActivityExtension.appex in Embed Foundation Extensions */,
			);
			name = "Embed Foundation Extensions";
			runOnlyForDeploymentPostprocessing = 0;
		};
		C57137CD2A5F214E00063661 /* Embed Frameworks */ = {
			isa = PBXCopyFilesBuildPhase;
			buildActionMask = 2147483647;
			dstPath = "";
			dstSubfolderSpec = 10;
			files = (
				C57137CA2A5F214E00063661 /* DriveLoggerKit.framework in Embed Frameworks */,
			);
			name = "Embed Frameworks";
			runOnlyForDeploymentPostprocessing = 0;
		};
		C57FAD672A60EE5400B7AE44 /* Embed Frameworks */ = {
			isa = PBXCopyFilesBuildPhase;
			buildActionMask = 2147483647;
			dstPath = "";
			dstSubfolderSpec = 10;
			files = (
				C57FAD602A60EE5300B7AE44 /* DriveLoggerKit.framework in Embed Frameworks */,
				C57FAD642A60EE5300B7AE44 /* DriveLoggerUI.framework in Embed Frameworks */,
			);
			name = "Embed Frameworks";
			runOnlyForDeploymentPostprocessing = 0;
		};
		C58C53722A33A4F1006FD700 /* Embed Frameworks */ = {
			isa = PBXCopyFilesBuildPhase;
			buildActionMask = 2147483647;
			dstPath = "";
			dstSubfolderSpec = 10;
			files = (
				C5302B0F2A5AE7090069C684 /* DriveLoggerKit.framework in Embed Frameworks */,
			);
			name = "Embed Frameworks";
			runOnlyForDeploymentPostprocessing = 0;
		};
/* End PBXCopyFilesBuildPhase section */

/* Begin PBXFileReference section */
		C50D261B2A329A7B00A33216 /* SettingsView.swift */ = {isa = PBXFileReference; lastKnownFileType = sourcecode.swift; path = SettingsView.swift; sourceTree = "<group>"; };
		C5302AD12A5993280069C684 /* Localizable.xcstrings */ = {isa = PBXFileReference; lastKnownFileType = text.json.xcstrings; path = Localizable.xcstrings; sourceTree = "<group>"; };
		C5302ADA2A5AE6530069C684 /* DriveLoggerKit.framework */ = {isa = PBXFileReference; explicitFileType = wrapper.framework; includeInIndex = 0; path = DriveLoggerKit.framework; sourceTree = BUILT_PRODUCTS_DIR; };
		C5302ADC2A5AE6530069C684 /* DriveLoggerKit.h */ = {isa = PBXFileReference; lastKnownFileType = sourcecode.c.h; path = DriveLoggerKit.h; sourceTree = "<group>"; };
		C5302ADD2A5AE6530069C684 /* DriveLoggerKit.docc */ = {isa = PBXFileReference; lastKnownFileType = folder.documentationcatalog; path = DriveLoggerKit.docc; sourceTree = "<group>"; };
		C5302AE32A5AE6530069C684 /* DriveLoggerKitTests.xctest */ = {isa = PBXFileReference; explicitFileType = wrapper.cfbundle; includeInIndex = 0; path = DriveLoggerKitTests.xctest; sourceTree = BUILT_PRODUCTS_DIR; };
		C5302AEA2A5AE6530069C684 /* DriveLoggerKitTests.swift */ = {isa = PBXFileReference; lastKnownFileType = sourcecode.swift; path = DriveLoggerKitTests.swift; sourceTree = "<group>"; };
		C5302AF72A5AE6740069C684 /* DriveLoggerStatistics.swift */ = {isa = PBXFileReference; lastKnownFileType = sourcecode.swift; path = DriveLoggerStatistics.swift; sourceTree = "<group>"; };
		C5302AF92A5AE6740069C684 /* LegacyHelpers.swift */ = {isa = PBXFileReference; lastKnownFileType = sourcecode.swift; path = LegacyHelpers.swift; sourceTree = "<group>"; };
		C5302AFA2A5AE6740069C684 /* LegacyService.swift */ = {isa = PBXFileReference; lastKnownFileType = sourcecode.swift; path = LegacyService.swift; sourceTree = "<group>"; };
		C5302AFB2A5AE6740069C684 /* CurrentDrive.model.swift */ = {isa = PBXFileReference; lastKnownFileType = sourcecode.swift; path = CurrentDrive.model.swift; sourceTree = "<group>"; };
		C5302AFD2A5AE6740069C684 /* Drive.model.swift */ = {isa = PBXFileReference; lastKnownFileType = sourcecode.swift; path = Drive.model.swift; sourceTree = "<group>"; };
		C5302AFE2A5AE6740069C684 /* DLDisk.service.swift */ = {isa = PBXFileReference; lastKnownFileType = sourcecode.swift; path = DLDisk.service.swift; sourceTree = "<group>"; };
		C5302AFF2A5AE6740069C684 /* UserPreferences.model.swift */ = {isa = PBXFileReference; lastKnownFileType = sourcecode.swift; path = UserPreferences.model.swift; sourceTree = "<group>"; };
		C5302B002A5AE6740069C684 /* Localizable.xcstrings */ = {isa = PBXFileReference; lastKnownFileType = text.json.xcstrings; path = Localizable.xcstrings; sourceTree = "<group>"; };
		C5302B012A5AE6750069C684 /* SampleData.swift */ = {isa = PBXFileReference; lastKnownFileType = sourcecode.swift; path = SampleData.swift; sourceTree = "<group>"; };
		C5302B022A5AE6750069C684 /* DriveLoggerData.swift */ = {isa = PBXFileReference; lastKnownFileType = sourcecode.swift; path = DriveLoggerData.swift; sourceTree = "<group>"; };
		C5302B032A5AE6750069C684 /* WeatherService.swift */ = {isa = PBXFileReference; lastKnownFileType = sourcecode.swift; path = WeatherService.swift; sourceTree = "<group>"; };
		C5302B122A5AE87D0069C684 /* Foundation.framework */ = {isa = PBXFileReference; lastKnownFileType = wrapper.framework; name = Foundation.framework; path = Platforms/MacOSX.platform/Developer/SDKs/MacOSX14.0.sdk/System/Library/Frameworks/Foundation.framework; sourceTree = DEVELOPER_DIR; };
		C5302B142A5AFB160069C684 /* StartDrive.intent.swift */ = {isa = PBXFileReference; lastKnownFileType = sourcecode.swift; path = StartDrive.intent.swift; sourceTree = "<group>"; };
		C5302B162A5AFB7D0069C684 /* AppShortcutsProvider.swift */ = {isa = PBXFileReference; lastKnownFileType = sourcecode.swift; path = AppShortcutsProvider.swift; sourceTree = "<group>"; };
		C5302B1C2A5AFE180069C684 /* EndDrive.intent.swift */ = {isa = PBXFileReference; lastKnownFileType = sourcecode.swift; path = EndDrive.intent.swift; sourceTree = "<group>"; };
		C5302B222A5B06F60069C684 /* DL Driving ActivityExtension.appex */ = {isa = PBXFileReference; explicitFileType = "wrapper.app-extension"; includeInIndex = 0; path = "DL Driving ActivityExtension.appex"; sourceTree = BUILT_PRODUCTS_DIR; };
		C5302B232A5B06F70069C684 /* WidgetKit.framework */ = {isa = PBXFileReference; lastKnownFileType = wrapper.framework; name = WidgetKit.framework; path = System/Library/Frameworks/WidgetKit.framework; sourceTree = SDKROOT; };
		C5302B252A5B06F70069C684 /* SwiftUI.framework */ = {isa = PBXFileReference; lastKnownFileType = wrapper.framework; name = SwiftUI.framework; path = System/Library/Frameworks/SwiftUI.framework; sourceTree = SDKROOT; };
		C5302B282A5B06F70069C684 /* DL_Driving_ActivityBundle.swift */ = {isa = PBXFileReference; lastKnownFileType = sourcecode.swift; path = DL_Driving_ActivityBundle.swift; sourceTree = "<group>"; };
		C5302B2A2A5B06F70069C684 /* DL_Driving_ActivityLiveActivity.swift */ = {isa = PBXFileReference; lastKnownFileType = sourcecode.swift; path = DL_Driving_ActivityLiveActivity.swift; sourceTree = "<group>"; };
		C5302B2C2A5B06F70069C684 /* DL_Driving_Activity.swift */ = {isa = PBXFileReference; lastKnownFileType = sourcecode.swift; path = DL_Driving_Activity.swift; sourceTree = "<group>"; };
		C5302B2E2A5B06F90069C684 /* Assets.xcassets */ = {isa = PBXFileReference; lastKnownFileType = folder.assetcatalog; path = Assets.xcassets; sourceTree = "<group>"; };
		C5302B302A5B06F90069C684 /* Info.plist */ = {isa = PBXFileReference; lastKnownFileType = text.plist.xml; path = Info.plist; sourceTree = "<group>"; };
		C5302B372A5B09020069C684 /* DLDrivingActivity Attributes.swift */ = {isa = PBXFileReference; lastKnownFileType = sourcecode.swift; path = "DLDrivingActivity Attributes.swift"; sourceTree = "<group>"; };
		C56C212E2A2EE4E7008D2CBE /* Drive Logger.app */ = {isa = PBXFileReference; explicitFileType = wrapper.application; includeInIndex = 0; path = "Drive Logger.app"; sourceTree = BUILT_PRODUCTS_DIR; };
		C56C21312A2EE4E7008D2CBE /* Drive_LoggerApp.swift */ = {isa = PBXFileReference; lastKnownFileType = sourcecode.swift; path = Drive_LoggerApp.swift; sourceTree = "<group>"; };
		C56C21352A2EE4E7008D2CBE /* Assets.xcassets */ = {isa = PBXFileReference; lastKnownFileType = folder.assetcatalog; path = Assets.xcassets; sourceTree = "<group>"; };
		C56C21382A2EE4E8008D2CBE /* Preview Assets.xcassets */ = {isa = PBXFileReference; lastKnownFileType = folder.assetcatalog; path = "Preview Assets.xcassets"; sourceTree = "<group>"; };
		C56C213C2A2EE4E8008D2CBE /* Drive_Logger.entitlements */ = {isa = PBXFileReference; lastKnownFileType = text.plist.entitlements; path = Drive_Logger.entitlements; sourceTree = "<group>"; };
		C56C213D2A2EE4E8008D2CBE /* Info.plist */ = {isa = PBXFileReference; lastKnownFileType = text.plist.xml; path = Info.plist; sourceTree = "<group>"; };
		C56C21422A2EE4E8008D2CBE /* Drive LoggerTests.xctest */ = {isa = PBXFileReference; explicitFileType = wrapper.cfbundle; includeInIndex = 0; path = "Drive LoggerTests.xctest"; sourceTree = BUILT_PRODUCTS_DIR; };
		C56C21462A2EE4E8008D2CBE /* Drive_LoggerTests.swift */ = {isa = PBXFileReference; lastKnownFileType = sourcecode.swift; path = Drive_LoggerTests.swift; sourceTree = "<group>"; };
		C56C214C2A2EE4E8008D2CBE /* Drive LoggerUITests.xctest */ = {isa = PBXFileReference; explicitFileType = wrapper.cfbundle; includeInIndex = 0; path = "Drive LoggerUITests.xctest"; sourceTree = BUILT_PRODUCTS_DIR; };
		C56C21502A2EE4E8008D2CBE /* Drive_LoggerUITests.swift */ = {isa = PBXFileReference; lastKnownFileType = sourcecode.swift; path = Drive_LoggerUITests.swift; sourceTree = "<group>"; };
		C56C21522A2EE4E8008D2CBE /* Drive_LoggerUITestsLaunchTests.swift */ = {isa = PBXFileReference; lastKnownFileType = sourcecode.swift; path = Drive_LoggerUITestsLaunchTests.swift; sourceTree = "<group>"; };
		C56C21642A2EE539008D2CBE /* DriveLoggerUI.framework */ = {isa = PBXFileReference; explicitFileType = wrapper.framework; includeInIndex = 0; path = DriveLoggerUI.framework; sourceTree = BUILT_PRODUCTS_DIR; };
		C56C21662A2EE53A008D2CBE /* DriveLoggerUI.h */ = {isa = PBXFileReference; lastKnownFileType = sourcecode.c.h; path = DriveLoggerUI.h; sourceTree = "<group>"; };
		C56C21672A2EE53A008D2CBE /* DriveLoggerUI.docc */ = {isa = PBXFileReference; lastKnownFileType = folder.documentationcatalog; path = DriveLoggerUI.docc; sourceTree = "<group>"; };
		C56C216D2A2EE53A008D2CBE /* DriveLoggerUITests.xctest */ = {isa = PBXFileReference; explicitFileType = wrapper.cfbundle; includeInIndex = 0; path = DriveLoggerUITests.xctest; sourceTree = BUILT_PRODUCTS_DIR; };
		C56C21742A2EE53A008D2CBE /* DriveLoggerUITests.swift */ = {isa = PBXFileReference; lastKnownFileType = sourcecode.swift; path = DriveLoggerUITests.swift; sourceTree = "<group>"; };
		C56C21822A2EE56D008D2CBE /* CardModifier.swift */ = {isa = PBXFileReference; fileEncoding = 4; lastKnownFileType = sourcecode.swift; path = CardModifier.swift; sourceTree = "<group>"; };
		C56C21832A2EE56E008D2CBE /* DriveCard.swift */ = {isa = PBXFileReference; fileEncoding = 4; lastKnownFileType = sourcecode.swift; path = DriveCard.swift; sourceTree = "<group>"; };
		C56C21842A2EE56E008D2CBE /* ProgressBar.swift */ = {isa = PBXFileReference; fileEncoding = 4; lastKnownFileType = sourcecode.swift; path = ProgressBar.swift; sourceTree = "<group>"; };
		C56C21852A2EE56E008D2CBE /* LargeButton.swift */ = {isa = PBXFileReference; fileEncoding = 4; lastKnownFileType = sourcecode.swift; path = LargeButton.swift; sourceTree = "<group>"; };
		C56C218B2A2EE589008D2CBE /* ContentView.swift */ = {isa = PBXFileReference; fileEncoding = 4; lastKnownFileType = sourcecode.swift; path = ContentView.swift; sourceTree = "<group>"; };
		C56C218C2A2EE589008D2CBE /* DrivingView.swift */ = {isa = PBXFileReference; fileEncoding = 4; lastKnownFileType = sourcecode.swift; path = DrivingView.swift; sourceTree = "<group>"; };
		C56C21902A2EE5B6008D2CBE /* RecentDrivesSection.swift */ = {isa = PBXFileReference; fileEncoding = 4; lastKnownFileType = sourcecode.swift; path = RecentDrivesSection.swift; sourceTree = "<group>"; };
		C56C21912A2EE5B7008D2CBE /* StatisticsSection.swift */ = {isa = PBXFileReference; fileEncoding = 4; lastKnownFileType = sourcecode.swift; path = StatisticsSection.swift; sourceTree = "<group>"; };
		C56C21922A2EE5B7008D2CBE /* HomeView.swift */ = {isa = PBXFileReference; fileEncoding = 4; lastKnownFileType = sourcecode.swift; path = HomeView.swift; sourceTree = "<group>"; };
		C56C21932A2EE5B7008D2CBE /* HomeHeaderSection.swift */ = {isa = PBXFileReference; fileEncoding = 4; lastKnownFileType = sourcecode.swift; path = HomeHeaderSection.swift; sourceTree = "<group>"; };
		C56C21CF2A2F0DCB008D2CBE /* AllDrivesView.swift */ = {isa = PBXFileReference; lastKnownFileType = sourcecode.swift; path = AllDrivesView.swift; sourceTree = "<group>"; };
		C56C21D12A2FB669008D2CBE /* AppState.swift */ = {isa = PBXFileReference; lastKnownFileType = sourcecode.swift; path = AppState.swift; sourceTree = "<group>"; };
		C56C21DB2A3009BA008D2CBE /* DriveEditorView.swift */ = {isa = PBXFileReference; lastKnownFileType = sourcecode.swift; path = DriveEditorView.swift; sourceTree = "<group>"; };
		C57137C82A5F198500063661 /* Drive Logger Testing.playground */ = {isa = PBXFileReference; lastKnownFileType = file.playground; path = "Drive Logger Testing.playground"; sourceTree = "<group>"; xcLanguageSpecificationIdentifier = xcode.lang.swift; };
		C57FAD442A606FDD00B7AE44 /* PercentCompleteStatCard.swift */ = {isa = PBXFileReference; lastKnownFileType = sourcecode.swift; path = PercentCompleteStatCard.swift; sourceTree = "<group>"; };
		C57FAD462A6070E300B7AE44 /* TimeDrivenTodayStatCard.swift */ = {isa = PBXFileReference; lastKnownFileType = sourcecode.swift; path = TimeDrivenTodayStatCard.swift; sourceTree = "<group>"; };
		C57FAD482A6071CE00B7AE44 /* TimeUntilGoalStatCard.swift */ = {isa = PBXFileReference; lastKnownFileType = sourcecode.swift; path = TimeUntilGoalStatCard.swift; sourceTree = "<group>"; };
		C57FAD4E2A60EE3D00B7AE44 /* DLWidgetsExtension.appex */ = {isa = PBXFileReference; explicitFileType = "wrapper.app-extension"; includeInIndex = 0; path = DLWidgetsExtension.appex; sourceTree = BUILT_PRODUCTS_DIR; };
		C57FAD522A60EE3E00B7AE44 /* DLWidgetsBundle.swift */ = {isa = PBXFileReference; lastKnownFileType = sourcecode.swift; path = DLWidgetsBundle.swift; sourceTree = "<group>"; };
		C57FAD542A60EE3E00B7AE44 /* DrivenTodayWidget.swift */ = {isa = PBXFileReference; lastKnownFileType = sourcecode.swift; path = DrivenTodayWidget.swift; sourceTree = "<group>"; };
		C57FAD582A60EE4000B7AE44 /* Info.plist */ = {isa = PBXFileReference; lastKnownFileType = text.plist.xml; path = Info.plist; sourceTree = "<group>"; };
		C57FAD682A60EF7000B7AE44 /* DLWidgetsExtension.entitlements */ = {isa = PBXFileReference; lastKnownFileType = text.plist.entitlements; path = DLWidgetsExtension.entitlements; sourceTree = "<group>"; };
		C57FAD6B2A60F5C200B7AE44 /* PercentCompleteWidget.swift */ = {isa = PBXFileReference; lastKnownFileType = sourcecode.swift; path = PercentCompleteWidget.swift; sourceTree = "<group>"; };
		C57FAD6E2A61793300B7AE44 /* TimeUntilGoalWidget.swift */ = {isa = PBXFileReference; lastKnownFileType = sourcecode.swift; path = TimeUntilGoalWidget.swift; sourceTree = "<group>"; };
		C57FAD712A617B7B00B7AE44 /* DLWidgetEntry.swift */ = {isa = PBXFileReference; lastKnownFileType = sourcecode.swift; path = DLWidgetEntry.swift; sourceTree = "<group>"; };
		C57FAD732A6187C600B7AE44 /* AmountDriven.intent.swift */ = {isa = PBXFileReference; lastKnownFileType = sourcecode.swift; path = AmountDriven.intent.swift; sourceTree = "<group>"; };
		C57FAD752A618EFD00B7AE44 /* PercentofGoal.intent.swift */ = {isa = PBXFileReference; lastKnownFileType = sourcecode.swift; path = PercentofGoal.intent.swift; sourceTree = "<group>"; };
		C58C53732A33AC65006FD700 /* PercentComplete.swift */ = {isa = PBXFileReference; lastKnownFileType = sourcecode.swift; path = PercentComplete.swift; sourceTree = "<group>"; };
		C58C53752A34CD39006FD700 /* NumberStat.swift */ = {isa = PBXFileReference; lastKnownFileType = sourcecode.swift; path = NumberStat.swift; sourceTree = "<group>"; };
		C59C33862A62DF0300635F02 /* Localizable.xcstrings */ = {isa = PBXFileReference; lastKnownFileType = text.json.xcstrings; path = Localizable.xcstrings; sourceTree = "<group>"; };
		C59C33882A62DF1100635F02 /* Localizable.xcstrings */ = {isa = PBXFileReference; lastKnownFileType = text.json.xcstrings; path = Localizable.xcstrings; sourceTree = "<group>"; };
		C59C338A2A6435F500635F02 /* TimeDisplayView.swift */ = {isa = PBXFileReference; lastKnownFileType = sourcecode.swift; path = TimeDisplayView.swift; sourceTree = "<group>"; };
		C59C338F2A645C8100635F02 /* SetupScreen.swift */ = {isa = PBXFileReference; lastKnownFileType = sourcecode.swift; path = SetupScreen.swift; sourceTree = "<group>"; };
		C59C33912A647C1500635F02 /* TimeUntilGoal.intent.swift */ = {isa = PBXFileReference; lastKnownFileType = sourcecode.swift; path = TimeUntilGoal.intent.swift; sourceTree = "<group>"; };
		C59EC8B92A5F4B3F00F99D5B /* WeatherTesting.swift */ = {isa = PBXFileReference; lastKnownFileType = sourcecode.swift; path = WeatherTesting.swift; sourceTree = "<group>"; };
/* End PBXFileReference section */

/* Begin PBXFrameworksBuildPhase section */
		C5302AD72A5AE6530069C684 /* Frameworks */ = {
			isa = PBXFrameworksBuildPhase;
			buildActionMask = 2147483647;
			files = (
				C5302B0D2A5AE6930069C684 /* Disk in Frameworks */,
				C5302B132A5AE87D0069C684 /* Foundation.framework in Frameworks */,
			);
			runOnlyForDeploymentPostprocessing = 0;
		};
		C5302AE02A5AE6530069C684 /* Frameworks */ = {
			isa = PBXFrameworksBuildPhase;
			buildActionMask = 2147483647;
			files = (
				C5302AE42A5AE6530069C684 /* DriveLoggerKit.framework in Frameworks */,
			);
			runOnlyForDeploymentPostprocessing = 0;
		};
		C5302B1F2A5B06F60069C684 /* Frameworks */ = {
			isa = PBXFrameworksBuildPhase;
			buildActionMask = 2147483647;
			files = (
				C5302B262A5B06F70069C684 /* SwiftUI.framework in Frameworks */,
				C57137C92A5F214E00063661 /* DriveLoggerKit.framework in Frameworks */,
				C5302B242A5B06F70069C684 /* WidgetKit.framework in Frameworks */,
			);
			runOnlyForDeploymentPostprocessing = 0;
		};
		C56C212B2A2EE4E7008D2CBE /* Frameworks */ = {
			isa = PBXFrameworksBuildPhase;
			buildActionMask = 2147483647;
			files = (
				C5302AEF2A5AE6530069C684 /* DriveLoggerKit.framework in Frameworks */,
				C56C21792A2EE53A008D2CBE /* DriveLoggerUI.framework in Frameworks */,
			);
			runOnlyForDeploymentPostprocessing = 0;
		};
		C56C213F2A2EE4E8008D2CBE /* Frameworks */ = {
			isa = PBXFrameworksBuildPhase;
			buildActionMask = 2147483647;
			files = (
			);
			runOnlyForDeploymentPostprocessing = 0;
		};
		C56C21492A2EE4E8008D2CBE /* Frameworks */ = {
			isa = PBXFrameworksBuildPhase;
			buildActionMask = 2147483647;
			files = (
			);
			runOnlyForDeploymentPostprocessing = 0;
		};
		C56C21612A2EE539008D2CBE /* Frameworks */ = {
			isa = PBXFrameworksBuildPhase;
			buildActionMask = 2147483647;
			files = (
				C5302B0E2A5AE7090069C684 /* DriveLoggerKit.framework in Frameworks */,
			);
			runOnlyForDeploymentPostprocessing = 0;
		};
		C56C216A2A2EE53A008D2CBE /* Frameworks */ = {
			isa = PBXFrameworksBuildPhase;
			buildActionMask = 2147483647;
			files = (
				C56C216E2A2EE53A008D2CBE /* DriveLoggerUI.framework in Frameworks */,
			);
			runOnlyForDeploymentPostprocessing = 0;
		};
		C57FAD4B2A60EE3D00B7AE44 /* Frameworks */ = {
			isa = PBXFrameworksBuildPhase;
			buildActionMask = 2147483647;
			files = (
				C57FAD502A60EE3D00B7AE44 /* SwiftUI.framework in Frameworks */,
				C57FAD5F2A60EE5300B7AE44 /* DriveLoggerKit.framework in Frameworks */,
				C57FAD4F2A60EE3D00B7AE44 /* WidgetKit.framework in Frameworks */,
				C57FAD632A60EE5300B7AE44 /* DriveLoggerUI.framework in Frameworks */,
			);
			runOnlyForDeploymentPostprocessing = 0;
		};
/* End PBXFrameworksBuildPhase section */

/* Begin PBXGroup section */
		C5302ADB2A5AE6530069C684 /* DriveLoggerKit */ = {
			isa = PBXGroup;
			children = (
				C5302ADC2A5AE6530069C684 /* DriveLoggerKit.h */,
				C5302AFB2A5AE6740069C684 /* CurrentDrive.model.swift */,
				C5302AFE2A5AE6740069C684 /* DLDisk.service.swift */,
				C5302AFD2A5AE6740069C684 /* Drive.model.swift */,
				C5302B022A5AE6750069C684 /* DriveLoggerData.swift */,
				C5302AF72A5AE6740069C684 /* DriveLoggerStatistics.swift */,
				C5302AF82A5AE6740069C684 /* Legacy Support */,
				C5302B002A5AE6740069C684 /* Localizable.xcstrings */,
				C5302B012A5AE6750069C684 /* SampleData.swift */,
				C5302AFF2A5AE6740069C684 /* UserPreferences.model.swift */,
				C5302B032A5AE6750069C684 /* WeatherService.swift */,
				C5302ADD2A5AE6530069C684 /* DriveLoggerKit.docc */,
				C5302B372A5B09020069C684 /* DLDrivingActivity Attributes.swift */,
			);
			path = DriveLoggerKit;
			sourceTree = "<group>";
		};
		C5302AE92A5AE6530069C684 /* DriveLoggerKitTests */ = {
			isa = PBXGroup;
			children = (
				C5302AEA2A5AE6530069C684 /* DriveLoggerKitTests.swift */,
			);
			path = DriveLoggerKitTests;
			sourceTree = "<group>";
		};
		C5302AF82A5AE6740069C684 /* Legacy Support */ = {
			isa = PBXGroup;
			children = (
				C5302AF92A5AE6740069C684 /* LegacyHelpers.swift */,
				C5302AFA2A5AE6740069C684 /* LegacyService.swift */,
			);
			path = "Legacy Support";
			sourceTree = "<group>";
		};
		C5302B272A5B06F70069C684 /* DL Driving Activity */ = {
			isa = PBXGroup;
			children = (
				C5302B282A5B06F70069C684 /* DL_Driving_ActivityBundle.swift */,
				C5302B2A2A5B06F70069C684 /* DL_Driving_ActivityLiveActivity.swift */,
				C5302B2C2A5B06F70069C684 /* DL_Driving_Activity.swift */,
				C5302B2E2A5B06F90069C684 /* Assets.xcassets */,
				C5302B302A5B06F90069C684 /* Info.plist */,
				C59C33882A62DF1100635F02 /* Localizable.xcstrings */,
			);
			path = "DL Driving Activity";
			sourceTree = "<group>";
		};
		C56C21252A2EE4E7008D2CBE = {
			isa = PBXGroup;
			children = (
				C57FAD682A60EF7000B7AE44 /* DLWidgetsExtension.entitlements */,
				C57137C82A5F198500063661 /* Drive Logger Testing.playground */,
				C56C21302A2EE4E7008D2CBE /* Drive Logger */,
				C56C21452A2EE4E8008D2CBE /* Drive LoggerTests */,
				C56C214F2A2EE4E8008D2CBE /* Drive LoggerUITests */,
				C56C21652A2EE53A008D2CBE /* DriveLoggerUI */,
				C56C21732A2EE53A008D2CBE /* DriveLoggerUITests */,
				C5302ADB2A5AE6530069C684 /* DriveLoggerKit */,
				C5302AE92A5AE6530069C684 /* DriveLoggerKitTests */,
				C5302B272A5B06F70069C684 /* DL Driving Activity */,
				C57FAD512A60EE3E00B7AE44 /* DLWidgets */,
				C56C212F2A2EE4E7008D2CBE /* Products */,
				C58C53632A32EE56006FD700 /* Frameworks */,
			);
			sourceTree = "<group>";
		};
		C56C212F2A2EE4E7008D2CBE /* Products */ = {
			isa = PBXGroup;
			children = (
				C56C212E2A2EE4E7008D2CBE /* Drive Logger.app */,
				C56C21422A2EE4E8008D2CBE /* Drive LoggerTests.xctest */,
				C56C214C2A2EE4E8008D2CBE /* Drive LoggerUITests.xctest */,
				C56C21642A2EE539008D2CBE /* DriveLoggerUI.framework */,
				C56C216D2A2EE53A008D2CBE /* DriveLoggerUITests.xctest */,
				C5302ADA2A5AE6530069C684 /* DriveLoggerKit.framework */,
				C5302AE32A5AE6530069C684 /* DriveLoggerKitTests.xctest */,
				C5302B222A5B06F60069C684 /* DL Driving ActivityExtension.appex */,
				C57FAD4E2A60EE3D00B7AE44 /* DLWidgetsExtension.appex */,
			);
			name = Products;
			sourceTree = "<group>";
		};
		C56C21302A2EE4E7008D2CBE /* Drive Logger */ = {
			isa = PBXGroup;
			children = (
				C56C21312A2EE4E7008D2CBE /* Drive_LoggerApp.swift */,
				C56C218B2A2EE589008D2CBE /* ContentView.swift */,
				C56C21D12A2FB669008D2CBE /* AppState.swift */,
				C56C21352A2EE4E7008D2CBE /* Assets.xcassets */,
				C5302AD12A5993280069C684 /* Localizable.xcstrings */,
				C56C213C2A2EE4E8008D2CBE /* Drive_Logger.entitlements */,
				C56C213D2A2EE4E8008D2CBE /* Info.plist */,
				C59C338D2A645AEF00635F02 /* Screens */,
				C59C338C2A645ACD00635F02 /* Intents */,
				C56C21372A2EE4E7008D2CBE /* Preview Content */,
				C59EC8B92A5F4B3F00F99D5B /* WeatherTesting.swift */,
			);
			path = "Drive Logger";
			sourceTree = "<group>";
		};
		C56C21372A2EE4E7008D2CBE /* Preview Content */ = {
			isa = PBXGroup;
			children = (
				C56C21382A2EE4E8008D2CBE /* Preview Assets.xcassets */,
			);
			path = "Preview Content";
			sourceTree = "<group>";
		};
		C56C21452A2EE4E8008D2CBE /* Drive LoggerTests */ = {
			isa = PBXGroup;
			children = (
				C56C21462A2EE4E8008D2CBE /* Drive_LoggerTests.swift */,
			);
			path = "Drive LoggerTests";
			sourceTree = "<group>";
		};
		C56C214F2A2EE4E8008D2CBE /* Drive LoggerUITests */ = {
			isa = PBXGroup;
			children = (
				C56C21502A2EE4E8008D2CBE /* Drive_LoggerUITests.swift */,
				C56C21522A2EE4E8008D2CBE /* Drive_LoggerUITestsLaunchTests.swift */,
			);
			path = "Drive LoggerUITests";
			sourceTree = "<group>";
		};
		C56C21652A2EE53A008D2CBE /* DriveLoggerUI */ = {
			isa = PBXGroup;
			children = (
				C56C21822A2EE56D008D2CBE /* CardModifier.swift */,
				C56C21832A2EE56E008D2CBE /* DriveCard.swift */,
				C56C21852A2EE56E008D2CBE /* LargeButton.swift */,
				C56C21842A2EE56E008D2CBE /* ProgressBar.swift */,
				C56C21662A2EE53A008D2CBE /* DriveLoggerUI.h */,
				C56C21672A2EE53A008D2CBE /* DriveLoggerUI.docc */,
				C58C53732A33AC65006FD700 /* PercentComplete.swift */,
				C58C53752A34CD39006FD700 /* NumberStat.swift */,
				C57FAD442A606FDD00B7AE44 /* PercentCompleteStatCard.swift */,
				C57FAD482A6071CE00B7AE44 /* TimeUntilGoalStatCard.swift */,
				C57FAD462A6070E300B7AE44 /* TimeDrivenTodayStatCard.swift */,
				C59C338A2A6435F500635F02 /* TimeDisplayView.swift */,
			);
			path = DriveLoggerUI;
			sourceTree = "<group>";
		};
		C56C21732A2EE53A008D2CBE /* DriveLoggerUITests */ = {
			isa = PBXGroup;
			children = (
				C56C21742A2EE53A008D2CBE /* DriveLoggerUITests.swift */,
			);
			path = DriveLoggerUITests;
			sourceTree = "<group>";
		};
		C56C21CC2A2EE676008D2CBE /* Home */ = {
			isa = PBXGroup;
			children = (
				C56C21932A2EE5B7008D2CBE /* HomeHeaderSection.swift */,
				C56C21922A2EE5B7008D2CBE /* HomeView.swift */,
				C56C21912A2EE5B7008D2CBE /* StatisticsSection.swift */,
				C56C21902A2EE5B6008D2CBE /* RecentDrivesSection.swift */,
			);
			path = Home;
			sourceTree = "<group>";
		};
		C57FAD512A60EE3E00B7AE44 /* DLWidgets */ = {
			isa = PBXGroup;
			children = (
				C57FAD522A60EE3E00B7AE44 /* DLWidgetsBundle.swift */,
				C57FAD712A617B7B00B7AE44 /* DLWidgetEntry.swift */,
				C57FAD542A60EE3E00B7AE44 /* DrivenTodayWidget.swift */,
				C57FAD6B2A60F5C200B7AE44 /* PercentCompleteWidget.swift */,
				C57FAD6E2A61793300B7AE44 /* TimeUntilGoalWidget.swift */,
				C57FAD582A60EE4000B7AE44 /* Info.plist */,
				C59C33862A62DF0300635F02 /* Localizable.xcstrings */,
			);
			path = DLWidgets;
			sourceTree = "<group>";
		};
		C58C53632A32EE56006FD700 /* Frameworks */ = {
			isa = PBXGroup;
			children = (
				C5302B122A5AE87D0069C684 /* Foundation.framework */,
				C5302B232A5B06F70069C684 /* WidgetKit.framework */,
				C5302B252A5B06F70069C684 /* SwiftUI.framework */,
			);
			name = Frameworks;
			sourceTree = "<group>";
		};
		C59C338C2A645ACD00635F02 /* Intents */ = {
			isa = PBXGroup;
			children = (
				C5302B162A5AFB7D0069C684 /* AppShortcutsProvider.swift */,
				C5302B142A5AFB160069C684 /* StartDrive.intent.swift */,
				C5302B1C2A5AFE180069C684 /* EndDrive.intent.swift */,
				C57FAD732A6187C600B7AE44 /* AmountDriven.intent.swift */,
				C57FAD752A618EFD00B7AE44 /* PercentofGoal.intent.swift */,
				C59C33912A647C1500635F02 /* TimeUntilGoal.intent.swift */,
			);
			path = Intents;
			sourceTree = "<group>";
		};
		C59C338D2A645AEF00635F02 /* Screens */ = {
			isa = PBXGroup;
			children = (
				C59C338E2A645C6A00635F02 /* Setup */,
				C56C218C2A2EE589008D2CBE /* DrivingView.swift */,
				C56C21CF2A2F0DCB008D2CBE /* AllDrivesView.swift */,
				C56C21DB2A3009BA008D2CBE /* DriveEditorView.swift */,
				C50D261B2A329A7B00A33216 /* SettingsView.swift */,
				C56C21CC2A2EE676008D2CBE /* Home */,
			);
			path = Screens;
			sourceTree = "<group>";
		};
		C59C338E2A645C6A00635F02 /* Setup */ = {
			isa = PBXGroup;
			children = (
				C59C338F2A645C8100635F02 /* SetupScreen.swift */,
			);
			path = Setup;
			sourceTree = "<group>";
		};
/* End PBXGroup section */

/* Begin PBXHeadersBuildPhase section */
		C5302AD52A5AE6530069C684 /* Headers */ = {
			isa = PBXHeadersBuildPhase;
			buildActionMask = 2147483647;
			files = (
				C5302AEC2A5AE6530069C684 /* DriveLoggerKit.h in Headers */,
			);
			runOnlyForDeploymentPostprocessing = 0;
		};
		C56C215F2A2EE539008D2CBE /* Headers */ = {
			isa = PBXHeadersBuildPhase;
			buildActionMask = 2147483647;
			files = (
				C56C21762A2EE53A008D2CBE /* DriveLoggerUI.h in Headers */,
			);
			runOnlyForDeploymentPostprocessing = 0;
		};
/* End PBXHeadersBuildPhase section */

/* Begin PBXNativeTarget section */
		C5302AD92A5AE6530069C684 /* DriveLoggerKit */ = {
			isa = PBXNativeTarget;
			buildConfigurationList = C5302AF12A5AE6530069C684 /* Build configuration list for PBXNativeTarget "DriveLoggerKit" */;
			buildPhases = (
				C5302AD52A5AE6530069C684 /* Headers */,
				C5302AD62A5AE6530069C684 /* Sources */,
				C5302AD72A5AE6530069C684 /* Frameworks */,
				C5302AD82A5AE6530069C684 /* Resources */,
			);
			buildRules = (
			);
			dependencies = (
			);
			name = DriveLoggerKit;
			packageProductDependencies = (
				C5302B0C2A5AE6930069C684 /* Disk */,
			);
			productName = DriveLoggerKit;
			productReference = C5302ADA2A5AE6530069C684 /* DriveLoggerKit.framework */;
			productType = "com.apple.product-type.framework";
		};
		C5302AE22A5AE6530069C684 /* DriveLoggerKitTests */ = {
			isa = PBXNativeTarget;
			buildConfigurationList = C5302AF42A5AE6530069C684 /* Build configuration list for PBXNativeTarget "DriveLoggerKitTests" */;
			buildPhases = (
				C5302ADF2A5AE6530069C684 /* Sources */,
				C5302AE02A5AE6530069C684 /* Frameworks */,
				C5302AE12A5AE6530069C684 /* Resources */,
			);
			buildRules = (
			);
			dependencies = (
				C5302AE62A5AE6530069C684 /* PBXTargetDependency */,
				C5302AE82A5AE6530069C684 /* PBXTargetDependency */,
			);
			name = DriveLoggerKitTests;
			productName = DriveLoggerKitTests;
			productReference = C5302AE32A5AE6530069C684 /* DriveLoggerKitTests.xctest */;
			productType = "com.apple.product-type.bundle.unit-test";
		};
		C5302B212A5B06F60069C684 /* DL Driving ActivityExtension */ = {
			isa = PBXNativeTarget;
			buildConfigurationList = C5302B342A5B06F90069C684 /* Build configuration list for PBXNativeTarget "DL Driving ActivityExtension" */;
			buildPhases = (
				C5302B1E2A5B06F60069C684 /* Sources */,
				C5302B1F2A5B06F60069C684 /* Frameworks */,
				C5302B202A5B06F60069C684 /* Resources */,
				C57137CD2A5F214E00063661 /* Embed Frameworks */,
			);
			buildRules = (
			);
			dependencies = (
				C57137CC2A5F214E00063661 /* PBXTargetDependency */,
			);
			name = "DL Driving ActivityExtension";
			productName = "DL Driving ActivityExtension";
			productReference = C5302B222A5B06F60069C684 /* DL Driving ActivityExtension.appex */;
			productType = "com.apple.product-type.app-extension";
		};
		C56C212D2A2EE4E7008D2CBE /* Drive Logger */ = {
			isa = PBXNativeTarget;
			buildConfigurationList = C56C21562A2EE4E8008D2CBE /* Build configuration list for PBXNativeTarget "Drive Logger" */;
			buildPhases = (
				C56C212A2A2EE4E7008D2CBE /* Sources */,
				C56C212B2A2EE4E7008D2CBE /* Frameworks */,
				C56C212C2A2EE4E7008D2CBE /* Resources */,
				C56C217E2A2EE53A008D2CBE /* Embed Frameworks */,
				C56C21A72A2EE61A008D2CBE /* Embed Foundation Extensions */,
			);
			buildRules = (
			);
			dependencies = (
				C56C21782A2EE53A008D2CBE /* PBXTargetDependency */,
				C5302AEE2A5AE6530069C684 /* PBXTargetDependency */,
				C5302B322A5B06F90069C684 /* PBXTargetDependency */,
				C57FAD5A2A60EE4000B7AE44 /* PBXTargetDependency */,
			);
			name = "Drive Logger";
			packageProductDependencies = (
			);
			productName = "Drive Logger";
			productReference = C56C212E2A2EE4E7008D2CBE /* Drive Logger.app */;
			productType = "com.apple.product-type.application";
		};
		C56C21412A2EE4E8008D2CBE /* Drive LoggerTests */ = {
			isa = PBXNativeTarget;
			buildConfigurationList = C56C21592A2EE4E8008D2CBE /* Build configuration list for PBXNativeTarget "Drive LoggerTests" */;
			buildPhases = (
				C56C213E2A2EE4E8008D2CBE /* Sources */,
				C56C213F2A2EE4E8008D2CBE /* Frameworks */,
				C56C21402A2EE4E8008D2CBE /* Resources */,
			);
			buildRules = (
			);
			dependencies = (
				C56C21442A2EE4E8008D2CBE /* PBXTargetDependency */,
			);
			name = "Drive LoggerTests";
			productName = "Drive LoggerTests";
			productReference = C56C21422A2EE4E8008D2CBE /* Drive LoggerTests.xctest */;
			productType = "com.apple.product-type.bundle.unit-test";
		};
		C56C214B2A2EE4E8008D2CBE /* Drive LoggerUITests */ = {
			isa = PBXNativeTarget;
			buildConfigurationList = C56C215C2A2EE4E8008D2CBE /* Build configuration list for PBXNativeTarget "Drive LoggerUITests" */;
			buildPhases = (
				C56C21482A2EE4E8008D2CBE /* Sources */,
				C56C21492A2EE4E8008D2CBE /* Frameworks */,
				C56C214A2A2EE4E8008D2CBE /* Resources */,
			);
			buildRules = (
			);
			dependencies = (
				C56C214E2A2EE4E8008D2CBE /* PBXTargetDependency */,
			);
			name = "Drive LoggerUITests";
			productName = "Drive LoggerUITests";
			productReference = C56C214C2A2EE4E8008D2CBE /* Drive LoggerUITests.xctest */;
			productType = "com.apple.product-type.bundle.ui-testing";
		};
		C56C21632A2EE539008D2CBE /* DriveLoggerUI */ = {
			isa = PBXNativeTarget;
			buildConfigurationList = C56C217B2A2EE53A008D2CBE /* Build configuration list for PBXNativeTarget "DriveLoggerUI" */;
			buildPhases = (
				C56C215F2A2EE539008D2CBE /* Headers */,
				C56C21602A2EE539008D2CBE /* Sources */,
				C56C21612A2EE539008D2CBE /* Frameworks */,
				C56C21622A2EE539008D2CBE /* Resources */,
				C58C53722A33A4F1006FD700 /* Embed Frameworks */,
			);
			buildRules = (
			);
			dependencies = (
				C5302B112A5AE7090069C684 /* PBXTargetDependency */,
			);
			name = DriveLoggerUI;
			productName = DriveLoggerUI;
			productReference = C56C21642A2EE539008D2CBE /* DriveLoggerUI.framework */;
			productType = "com.apple.product-type.framework";
		};
		C56C216C2A2EE53A008D2CBE /* DriveLoggerUITests */ = {
			isa = PBXNativeTarget;
			buildConfigurationList = C56C217F2A2EE53A008D2CBE /* Build configuration list for PBXNativeTarget "DriveLoggerUITests" */;
			buildPhases = (
				C56C21692A2EE53A008D2CBE /* Sources */,
				C56C216A2A2EE53A008D2CBE /* Frameworks */,
				C56C216B2A2EE53A008D2CBE /* Resources */,
			);
			buildRules = (
			);
			dependencies = (
				C56C21702A2EE53A008D2CBE /* PBXTargetDependency */,
				C56C21722A2EE53A008D2CBE /* PBXTargetDependency */,
			);
			name = DriveLoggerUITests;
			productName = DriveLoggerUITests;
			productReference = C56C216D2A2EE53A008D2CBE /* DriveLoggerUITests.xctest */;
			productType = "com.apple.product-type.bundle.unit-test";
		};
		C57FAD4D2A60EE3D00B7AE44 /* DLWidgetsExtension */ = {
			isa = PBXNativeTarget;
			buildConfigurationList = C57FAD5C2A60EE4000B7AE44 /* Build configuration list for PBXNativeTarget "DLWidgetsExtension" */;
			buildPhases = (
				C57FAD4A2A60EE3D00B7AE44 /* Sources */,
				C57FAD4B2A60EE3D00B7AE44 /* Frameworks */,
				C57FAD4C2A60EE3D00B7AE44 /* Resources */,
				C57FAD672A60EE5400B7AE44 /* Embed Frameworks */,
			);
			buildRules = (
			);
			dependencies = (
				C57FAD622A60EE5300B7AE44 /* PBXTargetDependency */,
				C57FAD662A60EE5300B7AE44 /* PBXTargetDependency */,
			);
			name = DLWidgetsExtension;
			productName = DLWidgetsExtension;
			productReference = C57FAD4E2A60EE3D00B7AE44 /* DLWidgetsExtension.appex */;
			productType = "com.apple.product-type.app-extension";
		};
/* End PBXNativeTarget section */

/* Begin PBXProject section */
		C56C21262A2EE4E7008D2CBE /* Project object */ = {
			isa = PBXProject;
			attributes = {
				BuildIndependentTargetsInParallel = 1;
				LastSwiftUpdateCheck = 1500;
				LastUpgradeCheck = 1500;
				TargetAttributes = {
					C5302AD92A5AE6530069C684 = {
						CreatedOnToolsVersion = 15.0;
					};
					C5302AE22A5AE6530069C684 = {
						CreatedOnToolsVersion = 15.0;
						TestTargetID = C56C212D2A2EE4E7008D2CBE;
					};
					C5302B212A5B06F60069C684 = {
						CreatedOnToolsVersion = 15.0;
					};
					C56C212D2A2EE4E7008D2CBE = {
						CreatedOnToolsVersion = 15.0;
					};
					C56C21412A2EE4E8008D2CBE = {
						CreatedOnToolsVersion = 15.0;
						TestTargetID = C56C212D2A2EE4E7008D2CBE;
					};
					C56C214B2A2EE4E8008D2CBE = {
						CreatedOnToolsVersion = 15.0;
						TestTargetID = C56C212D2A2EE4E7008D2CBE;
					};
					C56C21632A2EE539008D2CBE = {
						CreatedOnToolsVersion = 15.0;
					};
					C56C216C2A2EE53A008D2CBE = {
						CreatedOnToolsVersion = 15.0;
						TestTargetID = C56C212D2A2EE4E7008D2CBE;
					};
					C57FAD4D2A60EE3D00B7AE44 = {
						CreatedOnToolsVersion = 15.0;
					};
				};
			};
			buildConfigurationList = C56C21292A2EE4E7008D2CBE /* Build configuration list for PBXProject "Drive Logger" */;
			compatibilityVersion = "Xcode 14.0";
			developmentRegion = en;
			hasScannedForEncodings = 0;
			knownRegions = (
				en,
				Base,
				es,
			);
			mainGroup = C56C21252A2EE4E7008D2CBE;
			packageReferences = (
				C58C535B2A32ECBF006FD700 /* XCRemoteSwiftPackageReference "Disk" */,
			);
			productRefGroup = C56C212F2A2EE4E7008D2CBE /* Products */;
			projectDirPath = "";
			projectRoot = "";
			targets = (
				C56C212D2A2EE4E7008D2CBE /* Drive Logger */,
				C56C21412A2EE4E8008D2CBE /* Drive LoggerTests */,
				C56C214B2A2EE4E8008D2CBE /* Drive LoggerUITests */,
				C56C21632A2EE539008D2CBE /* DriveLoggerUI */,
				C56C216C2A2EE53A008D2CBE /* DriveLoggerUITests */,
				C5302AD92A5AE6530069C684 /* DriveLoggerKit */,
				C5302AE22A5AE6530069C684 /* DriveLoggerKitTests */,
				C5302B212A5B06F60069C684 /* DL Driving ActivityExtension */,
				C57FAD4D2A60EE3D00B7AE44 /* DLWidgetsExtension */,
			);
		};
/* End PBXProject section */

/* Begin PBXResourcesBuildPhase section */
		C5302AD82A5AE6530069C684 /* Resources */ = {
			isa = PBXResourcesBuildPhase;
			buildActionMask = 2147483647;
			files = (
			);
			runOnlyForDeploymentPostprocessing = 0;
		};
		C5302AE12A5AE6530069C684 /* Resources */ = {
			isa = PBXResourcesBuildPhase;
			buildActionMask = 2147483647;
			files = (
			);
			runOnlyForDeploymentPostprocessing = 0;
		};
		C5302B202A5B06F60069C684 /* Resources */ = {
			isa = PBXResourcesBuildPhase;
			buildActionMask = 2147483647;
			files = (
				C57FAD6A2A60F56C00B7AE44 /* Assets.xcassets in Resources */,
				C5302B2F2A5B06F90069C684 /* Assets.xcassets in Resources */,
				C59C33892A62DF1100635F02 /* Localizable.xcstrings in Resources */,
			);
			runOnlyForDeploymentPostprocessing = 0;
		};
		C56C212C2A2EE4E7008D2CBE /* Resources */ = {
			isa = PBXResourcesBuildPhase;
			buildActionMask = 2147483647;
			files = (
				C56C21392A2EE4E8008D2CBE /* Preview Assets.xcassets in Resources */,
				C56C21362A2EE4E7008D2CBE /* Assets.xcassets in Resources */,
				C5302AD22A5993280069C684 /* Localizable.xcstrings in Resources */,
			);
			runOnlyForDeploymentPostprocessing = 0;
		};
		C56C21402A2EE4E8008D2CBE /* Resources */ = {
			isa = PBXResourcesBuildPhase;
			buildActionMask = 2147483647;
			files = (
			);
			runOnlyForDeploymentPostprocessing = 0;
		};
		C56C214A2A2EE4E8008D2CBE /* Resources */ = {
			isa = PBXResourcesBuildPhase;
			buildActionMask = 2147483647;
			files = (
			);
			runOnlyForDeploymentPostprocessing = 0;
		};
		C56C21622A2EE539008D2CBE /* Resources */ = {
			isa = PBXResourcesBuildPhase;
			buildActionMask = 2147483647;
			files = (
				C56C21D72A2FE5A4008D2CBE /* Assets.xcassets in Resources */,
			);
			runOnlyForDeploymentPostprocessing = 0;
		};
		C56C216B2A2EE53A008D2CBE /* Resources */ = {
			isa = PBXResourcesBuildPhase;
			buildActionMask = 2147483647;
			files = (
			);
			runOnlyForDeploymentPostprocessing = 0;
		};
		C57FAD4C2A60EE3D00B7AE44 /* Resources */ = {
			isa = PBXResourcesBuildPhase;
			buildActionMask = 2147483647;
			files = (
				C59C33872A62DF0300635F02 /* Localizable.xcstrings in Resources */,
				C57FAD692A60F56B00B7AE44 /* Assets.xcassets in Resources */,
			);
			runOnlyForDeploymentPostprocessing = 0;
		};
/* End PBXResourcesBuildPhase section */

/* Begin PBXSourcesBuildPhase section */
		C5302AD62A5AE6530069C684 /* Sources */ = {
			isa = PBXSourcesBuildPhase;
			buildActionMask = 2147483647;
			files = (
				C5302B382A5B09020069C684 /* DLDrivingActivity Attributes.swift in Sources */,
				C5302B072A5AE6750069C684 /* WeatherService.swift in Sources */,
				C5302B0A2A5AE6750069C684 /* DLDisk.service.swift in Sources */,
				C5302B092A5AE6750069C684 /* SampleData.swift in Sources */,
				C5302B082A5AE6750069C684 /* Drive.model.swift in Sources */,
				C5302B0B2A5AE6750069C684 /* UserPreferences.model.swift in Sources */,
				C5302ADE2A5AE6530069C684 /* DriveLoggerKit.docc in Sources */,
				C5302B042A5AE6750069C684 /* DriveLoggerStatistics.swift in Sources */,
				C5302B052A5AE6750069C684 /* DriveLoggerData.swift in Sources */,
				C5302B062A5AE6750069C684 /* CurrentDrive.model.swift in Sources */,
			);
			runOnlyForDeploymentPostprocessing = 0;
		};
		C5302ADF2A5AE6530069C684 /* Sources */ = {
			isa = PBXSourcesBuildPhase;
			buildActionMask = 2147483647;
			files = (
				C5302AEB2A5AE6530069C684 /* DriveLoggerKitTests.swift in Sources */,
			);
			runOnlyForDeploymentPostprocessing = 0;
		};
		C5302B1E2A5B06F60069C684 /* Sources */ = {
			isa = PBXSourcesBuildPhase;
			buildActionMask = 2147483647;
			files = (
				C5302B2D2A5B06F70069C684 /* DL_Driving_Activity.swift in Sources */,
				C5302B292A5B06F70069C684 /* DL_Driving_ActivityBundle.swift in Sources */,
				C5302B2B2A5B06F70069C684 /* DL_Driving_ActivityLiveActivity.swift in Sources */,
			);
			runOnlyForDeploymentPostprocessing = 0;
		};
		C56C212A2A2EE4E7008D2CBE /* Sources */ = {
			isa = PBXSourcesBuildPhase;
			buildActionMask = 2147483647;
			files = (
				C56C218F2A2EE589008D2CBE /* DrivingView.swift in Sources */,
				C59EC8BA2A5F4B3F00F99D5B /* WeatherTesting.swift in Sources */,
				C50D261A2A30E70000A33216 /* AppState.swift in Sources */,
				C5302B192A5AFC440069C684 /* AppShortcutsProvider.swift in Sources */,
				C56C21952A2EE5B7008D2CBE /* StatisticsSection.swift in Sources */,
				C5302B1B2A5AFCB50069C684 /* StartDrive.intent.swift in Sources */,
				C56C21972A2EE5B7008D2CBE /* HomeHeaderSection.swift in Sources */,
				C57FAD742A6187C600B7AE44 /* AmountDriven.intent.swift in Sources */,
				C57FAD762A618EFD00B7AE44 /* PercentofGoal.intent.swift in Sources */,
				C59C33902A645C8100635F02 /* SetupScreen.swift in Sources */,
				C59C33922A647C1500635F02 /* TimeUntilGoal.intent.swift in Sources */,
				C56C21DC2A3009BA008D2CBE /* DriveEditorView.swift in Sources */,
				C56C21322A2EE4E7008D2CBE /* Drive_LoggerApp.swift in Sources */,
				C56C21962A2EE5B7008D2CBE /* HomeView.swift in Sources */,
				C56C21D02A2F0DCB008D2CBE /* AllDrivesView.swift in Sources */,
				C56C218E2A2EE589008D2CBE /* ContentView.swift in Sources */,
				C56C21942A2EE5B7008D2CBE /* RecentDrivesSection.swift in Sources */,
				C50D261C2A329A7B00A33216 /* SettingsView.swift in Sources */,
				C5302B1D2A5AFE180069C684 /* EndDrive.intent.swift in Sources */,
			);
			runOnlyForDeploymentPostprocessing = 0;
		};
		C56C213E2A2EE4E8008D2CBE /* Sources */ = {
			isa = PBXSourcesBuildPhase;
			buildActionMask = 2147483647;
			files = (
				C56C21472A2EE4E8008D2CBE /* Drive_LoggerTests.swift in Sources */,
			);
			runOnlyForDeploymentPostprocessing = 0;
		};
		C56C21482A2EE4E8008D2CBE /* Sources */ = {
			isa = PBXSourcesBuildPhase;
			buildActionMask = 2147483647;
			files = (
				C56C21512A2EE4E8008D2CBE /* Drive_LoggerUITests.swift in Sources */,
				C56C21532A2EE4E8008D2CBE /* Drive_LoggerUITestsLaunchTests.swift in Sources */,
			);
			runOnlyForDeploymentPostprocessing = 0;
		};
		C56C21602A2EE539008D2CBE /* Sources */ = {
			isa = PBXSourcesBuildPhase;
			buildActionMask = 2147483647;
			files = (
				C57FAD452A606FDD00B7AE44 /* PercentCompleteStatCard.swift in Sources */,
				C58C53762A34CD39006FD700 /* NumberStat.swift in Sources */,
				C56C21862A2EE56E008D2CBE /* CardModifier.swift in Sources */,
				C56C21892A2EE56E008D2CBE /* LargeButton.swift in Sources */,
				C59C338B2A6435F500635F02 /* TimeDisplayView.swift in Sources */,
				C57FAD492A6071CE00B7AE44 /* TimeUntilGoalStatCard.swift in Sources */,
				C57FAD472A6070E300B7AE44 /* TimeDrivenTodayStatCard.swift in Sources */,
				C58C53742A33AC65006FD700 /* PercentComplete.swift in Sources */,
				C56C21872A2EE56E008D2CBE /* DriveCard.swift in Sources */,
				C57FAD722A617B7B00B7AE44 /* DLWidgetEntry.swift in Sources */,
				C56C21882A2EE56E008D2CBE /* ProgressBar.swift in Sources */,
				C56C21682A2EE53A008D2CBE /* DriveLoggerUI.docc in Sources */,
			);
			runOnlyForDeploymentPostprocessing = 0;
		};
		C56C21692A2EE53A008D2CBE /* Sources */ = {
			isa = PBXSourcesBuildPhase;
			buildActionMask = 2147483647;
			files = (
				C56C21752A2EE53A008D2CBE /* DriveLoggerUITests.swift in Sources */,
			);
			runOnlyForDeploymentPostprocessing = 0;
		};
		C57FAD4A2A60EE3D00B7AE44 /* Sources */ = {
			isa = PBXSourcesBuildPhase;
			buildActionMask = 2147483647;
			files = (
				C57FAD6D2A60F68500B7AE44 /* PercentCompleteWidget.swift in Sources */,
				C57FAD532A60EE3E00B7AE44 /* DLWidgetsBundle.swift in Sources */,
				C57FAD702A61793700B7AE44 /* TimeUntilGoalWidget.swift in Sources */,
				C57FAD552A60EE3E00B7AE44 /* DrivenTodayWidget.swift in Sources */,
			);
			runOnlyForDeploymentPostprocessing = 0;
		};
/* End PBXSourcesBuildPhase section */

/* Begin PBXTargetDependency section */
		C5302AE62A5AE6530069C684 /* PBXTargetDependency */ = {
			isa = PBXTargetDependency;
			target = C5302AD92A5AE6530069C684 /* DriveLoggerKit */;
			targetProxy = C5302AE52A5AE6530069C684 /* PBXContainerItemProxy */;
		};
		C5302AE82A5AE6530069C684 /* PBXTargetDependency */ = {
			isa = PBXTargetDependency;
			target = C56C212D2A2EE4E7008D2CBE /* Drive Logger */;
			targetProxy = C5302AE72A5AE6530069C684 /* PBXContainerItemProxy */;
		};
		C5302AEE2A5AE6530069C684 /* PBXTargetDependency */ = {
			isa = PBXTargetDependency;
			target = C5302AD92A5AE6530069C684 /* DriveLoggerKit */;
			targetProxy = C5302AED2A5AE6530069C684 /* PBXContainerItemProxy */;
		};
		C5302B112A5AE7090069C684 /* PBXTargetDependency */ = {
			isa = PBXTargetDependency;
			target = C5302AD92A5AE6530069C684 /* DriveLoggerKit */;
			targetProxy = C5302B102A5AE7090069C684 /* PBXContainerItemProxy */;
		};
		C5302B322A5B06F90069C684 /* PBXTargetDependency */ = {
			isa = PBXTargetDependency;
			target = C5302B212A5B06F60069C684 /* DL Driving ActivityExtension */;
			targetProxy = C5302B312A5B06F90069C684 /* PBXContainerItemProxy */;
		};
		C56C21442A2EE4E8008D2CBE /* PBXTargetDependency */ = {
			isa = PBXTargetDependency;
			target = C56C212D2A2EE4E7008D2CBE /* Drive Logger */;
			targetProxy = C56C21432A2EE4E8008D2CBE /* PBXContainerItemProxy */;
		};
		C56C214E2A2EE4E8008D2CBE /* PBXTargetDependency */ = {
			isa = PBXTargetDependency;
			target = C56C212D2A2EE4E7008D2CBE /* Drive Logger */;
			targetProxy = C56C214D2A2EE4E8008D2CBE /* PBXContainerItemProxy */;
		};
		C56C21702A2EE53A008D2CBE /* PBXTargetDependency */ = {
			isa = PBXTargetDependency;
			target = C56C21632A2EE539008D2CBE /* DriveLoggerUI */;
			targetProxy = C56C216F2A2EE53A008D2CBE /* PBXContainerItemProxy */;
		};
		C56C21722A2EE53A008D2CBE /* PBXTargetDependency */ = {
			isa = PBXTargetDependency;
			target = C56C212D2A2EE4E7008D2CBE /* Drive Logger */;
			targetProxy = C56C21712A2EE53A008D2CBE /* PBXContainerItemProxy */;
		};
		C56C21782A2EE53A008D2CBE /* PBXTargetDependency */ = {
			isa = PBXTargetDependency;
			target = C56C21632A2EE539008D2CBE /* DriveLoggerUI */;
			targetProxy = C56C21772A2EE53A008D2CBE /* PBXContainerItemProxy */;
		};
		C57137CC2A5F214E00063661 /* PBXTargetDependency */ = {
			isa = PBXTargetDependency;
			target = C5302AD92A5AE6530069C684 /* DriveLoggerKit */;
			targetProxy = C57137CB2A5F214E00063661 /* PBXContainerItemProxy */;
		};
		C57FAD5A2A60EE4000B7AE44 /* PBXTargetDependency */ = {
			isa = PBXTargetDependency;
			target = C57FAD4D2A60EE3D00B7AE44 /* DLWidgetsExtension */;
			targetProxy = C57FAD592A60EE4000B7AE44 /* PBXContainerItemProxy */;
		};
		C57FAD622A60EE5300B7AE44 /* PBXTargetDependency */ = {
			isa = PBXTargetDependency;
			target = C5302AD92A5AE6530069C684 /* DriveLoggerKit */;
			targetProxy = C57FAD612A60EE5300B7AE44 /* PBXContainerItemProxy */;
		};
		C57FAD662A60EE5300B7AE44 /* PBXTargetDependency */ = {
			isa = PBXTargetDependency;
			target = C56C21632A2EE539008D2CBE /* DriveLoggerUI */;
			targetProxy = C57FAD652A60EE5300B7AE44 /* PBXContainerItemProxy */;
		};
/* End PBXTargetDependency section */

/* Begin XCBuildConfiguration section */
		C5302AF22A5AE6530069C684 /* Debug */ = {
			isa = XCBuildConfiguration;
			buildSettings = {
				CODE_SIGN_STYLE = Automatic;
				CURRENT_PROJECT_VERSION = 1;
				DEFINES_MODULE = YES;
				DEVELOPMENT_TEAM = 7M5JDZSYX7;
				DYLIB_COMPATIBILITY_VERSION = 1;
				DYLIB_CURRENT_VERSION = 1;
				DYLIB_INSTALL_NAME_BASE = "@rpath";
				ENABLE_MODULE_VERIFIER = YES;
				GENERATE_INFOPLIST_FILE = YES;
				INFOPLIST_KEY_NSHumanReadableCopyright = "";
				INSTALL_PATH = "$(LOCAL_LIBRARY_DIR)/Frameworks";
				LD_RUNPATH_SEARCH_PATHS = (
					"$(inherited)",
					"@executable_path/Frameworks",
					"@loader_path/Frameworks",
				);
				MARKETING_VERSION = 1.0;
				MODULE_VERIFIER_SUPPORTED_LANGUAGES = "objective-c objective-c++";
				MODULE_VERIFIER_SUPPORTED_LANGUAGE_STANDARDS = "gnu17 gnu++20";
				PRODUCT_BUNDLE_IDENTIFIER = com.ronanfuruta.DriveLoggerKit;
				PRODUCT_NAME = "$(TARGET_NAME:c99extidentifier)";
				SKIP_INSTALL = YES;
				SWIFT_EMIT_LOC_STRINGS = YES;
				SWIFT_VERSION = 5.0;
				TARGETED_DEVICE_FAMILY = "1,2";
				VERSIONING_SYSTEM = "apple-generic";
				VERSION_INFO_PREFIX = "";
			};
			name = Debug;
		};
		C5302AF32A5AE6530069C684 /* Release */ = {
			isa = XCBuildConfiguration;
			buildSettings = {
				CODE_SIGN_STYLE = Automatic;
				CURRENT_PROJECT_VERSION = 1;
				DEFINES_MODULE = YES;
				DEVELOPMENT_TEAM = 7M5JDZSYX7;
				DYLIB_COMPATIBILITY_VERSION = 1;
				DYLIB_CURRENT_VERSION = 1;
				DYLIB_INSTALL_NAME_BASE = "@rpath";
				ENABLE_MODULE_VERIFIER = YES;
				GENERATE_INFOPLIST_FILE = YES;
				INFOPLIST_KEY_NSHumanReadableCopyright = "";
				INSTALL_PATH = "$(LOCAL_LIBRARY_DIR)/Frameworks";
				LD_RUNPATH_SEARCH_PATHS = (
					"$(inherited)",
					"@executable_path/Frameworks",
					"@loader_path/Frameworks",
				);
				MARKETING_VERSION = 1.0;
				MODULE_VERIFIER_SUPPORTED_LANGUAGES = "objective-c objective-c++";
				MODULE_VERIFIER_SUPPORTED_LANGUAGE_STANDARDS = "gnu17 gnu++20";
				PRODUCT_BUNDLE_IDENTIFIER = com.ronanfuruta.DriveLoggerKit;
				PRODUCT_NAME = "$(TARGET_NAME:c99extidentifier)";
				SKIP_INSTALL = YES;
				SWIFT_EMIT_LOC_STRINGS = YES;
				SWIFT_VERSION = 5.0;
				TARGETED_DEVICE_FAMILY = "1,2";
				VERSIONING_SYSTEM = "apple-generic";
				VERSION_INFO_PREFIX = "";
			};
			name = Release;
		};
		C5302AF52A5AE6530069C684 /* Debug */ = {
			isa = XCBuildConfiguration;
			buildSettings = {
				ALWAYS_EMBED_SWIFT_STANDARD_LIBRARIES = YES;
				CODE_SIGN_STYLE = Automatic;
				CURRENT_PROJECT_VERSION = 1;
				DEVELOPMENT_TEAM = 7M5JDZSYX7;
				GENERATE_INFOPLIST_FILE = YES;
				MARKETING_VERSION = 1.0;
				PRODUCT_BUNDLE_IDENTIFIER = com.ronanfuruta.DriveLoggerKitTests;
				PRODUCT_NAME = "$(TARGET_NAME)";
				SWIFT_EMIT_LOC_STRINGS = NO;
				SWIFT_VERSION = 5.0;
				TARGETED_DEVICE_FAMILY = "1,2";
				TEST_HOST = "$(BUILT_PRODUCTS_DIR)/Drive Logger.app/$(BUNDLE_EXECUTABLE_FOLDER_PATH)/Drive Logger";
			};
			name = Debug;
		};
		C5302AF62A5AE6530069C684 /* Release */ = {
			isa = XCBuildConfiguration;
			buildSettings = {
				ALWAYS_EMBED_SWIFT_STANDARD_LIBRARIES = YES;
				CODE_SIGN_STYLE = Automatic;
				CURRENT_PROJECT_VERSION = 1;
				DEVELOPMENT_TEAM = 7M5JDZSYX7;
				GENERATE_INFOPLIST_FILE = YES;
				MARKETING_VERSION = 1.0;
				PRODUCT_BUNDLE_IDENTIFIER = com.ronanfuruta.DriveLoggerKitTests;
				PRODUCT_NAME = "$(TARGET_NAME)";
				SWIFT_EMIT_LOC_STRINGS = NO;
				SWIFT_VERSION = 5.0;
				TARGETED_DEVICE_FAMILY = "1,2";
				TEST_HOST = "$(BUILT_PRODUCTS_DIR)/Drive Logger.app/$(BUNDLE_EXECUTABLE_FOLDER_PATH)/Drive Logger";
			};
			name = Release;
		};
		C5302B352A5B06F90069C684 /* Debug */ = {
			isa = XCBuildConfiguration;
			buildSettings = {
				ASSETCATALOG_COMPILER_GLOBAL_ACCENT_COLOR_NAME = AccentColor;
				ASSETCATALOG_COMPILER_WIDGET_BACKGROUND_COLOR_NAME = WidgetBackground;
				CODE_SIGN_STYLE = Automatic;
				CURRENT_PROJECT_VERSION = 1;
				DEVELOPMENT_TEAM = 7M5JDZSYX7;
				GENERATE_INFOPLIST_FILE = YES;
				INFOPLIST_FILE = "DL Driving Activity/Info.plist";
				INFOPLIST_KEY_CFBundleDisplayName = "DL Driving Activity";
				INFOPLIST_KEY_NSHumanReadableCopyright = "";
				LD_RUNPATH_SEARCH_PATHS = (
					"$(inherited)",
					"@executable_path/Frameworks",
					"@executable_path/../../Frameworks",
				);
				MARKETING_VERSION = 1.0;
				PRODUCT_BUNDLE_IDENTIFIER = "com.ronanfuruta.driveloggerbeta.DL-Driving-Activity";
				PRODUCT_NAME = "$(TARGET_NAME)";
				SKIP_INSTALL = YES;
				SUPPORTED_PLATFORMS = "iphoneos iphonesimulator";
				SUPPORTS_MACCATALYST = NO;
				SUPPORTS_MAC_DESIGNED_FOR_IPHONE_IPAD = NO;
				SUPPORTS_XR_DESIGNED_FOR_IPHONE_IPAD = NO;
				SWIFT_EMIT_LOC_STRINGS = YES;
				SWIFT_VERSION = 5.0;
				TARGETED_DEVICE_FAMILY = "1,2";
			};
			name = Debug;
		};
		C5302B362A5B06F90069C684 /* Release */ = {
			isa = XCBuildConfiguration;
			buildSettings = {
				ASSETCATALOG_COMPILER_GLOBAL_ACCENT_COLOR_NAME = AccentColor;
				ASSETCATALOG_COMPILER_WIDGET_BACKGROUND_COLOR_NAME = WidgetBackground;
				CODE_SIGN_STYLE = Automatic;
				CURRENT_PROJECT_VERSION = 1;
				DEVELOPMENT_TEAM = 7M5JDZSYX7;
				GENERATE_INFOPLIST_FILE = YES;
				INFOPLIST_FILE = "DL Driving Activity/Info.plist";
				INFOPLIST_KEY_CFBundleDisplayName = "DL Driving Activity";
				INFOPLIST_KEY_NSHumanReadableCopyright = "";
				LD_RUNPATH_SEARCH_PATHS = (
					"$(inherited)",
					"@executable_path/Frameworks",
					"@executable_path/../../Frameworks",
				);
				MARKETING_VERSION = 1.0;
				PRODUCT_BUNDLE_IDENTIFIER = "com.ronanfuruta.driveloggerbeta.DL-Driving-Activity";
				PRODUCT_NAME = "$(TARGET_NAME)";
				SKIP_INSTALL = YES;
				SUPPORTED_PLATFORMS = "iphoneos iphonesimulator";
				SUPPORTS_MACCATALYST = NO;
				SUPPORTS_MAC_DESIGNED_FOR_IPHONE_IPAD = NO;
				SUPPORTS_XR_DESIGNED_FOR_IPHONE_IPAD = NO;
				SWIFT_EMIT_LOC_STRINGS = YES;
				SWIFT_VERSION = 5.0;
				TARGETED_DEVICE_FAMILY = "1,2";
			};
			name = Release;
		};
		C56C21542A2EE4E8008D2CBE /* Debug */ = {
			isa = XCBuildConfiguration;
			buildSettings = {
				ALWAYS_SEARCH_USER_PATHS = NO;
				ASSETCATALOG_COMPILER_GENERATE_SWIFT_ASSET_SYMBOL_EXTENSIONS = YES;
				CLANG_ANALYZER_NONNULL = YES;
				CLANG_ANALYZER_NUMBER_OBJECT_CONVERSION = YES_AGGRESSIVE;
				CLANG_CXX_LANGUAGE_STANDARD = "gnu++20";
				CLANG_ENABLE_MODULES = YES;
				CLANG_ENABLE_OBJC_ARC = YES;
				CLANG_ENABLE_OBJC_WEAK = YES;
				CLANG_WARN_BLOCK_CAPTURE_AUTORELEASING = YES;
				CLANG_WARN_BOOL_CONVERSION = YES;
				CLANG_WARN_COMMA = YES;
				CLANG_WARN_CONSTANT_CONVERSION = YES;
				CLANG_WARN_DEPRECATED_OBJC_IMPLEMENTATIONS = YES;
				CLANG_WARN_DIRECT_OBJC_ISA_USAGE = YES_ERROR;
				CLANG_WARN_DOCUMENTATION_COMMENTS = YES;
				CLANG_WARN_EMPTY_BODY = YES;
				CLANG_WARN_ENUM_CONVERSION = YES;
				CLANG_WARN_INFINITE_RECURSION = YES;
				CLANG_WARN_INT_CONVERSION = YES;
				CLANG_WARN_NON_LITERAL_NULL_CONVERSION = YES;
				CLANG_WARN_OBJC_IMPLICIT_RETAIN_SELF = YES;
				CLANG_WARN_OBJC_LITERAL_CONVERSION = YES;
				CLANG_WARN_OBJC_ROOT_CLASS = YES_ERROR;
				CLANG_WARN_QUOTED_INCLUDE_IN_FRAMEWORK_HEADER = YES;
				CLANG_WARN_RANGE_LOOP_ANALYSIS = YES;
				CLANG_WARN_STRICT_PROTOTYPES = YES;
				CLANG_WARN_SUSPICIOUS_MOVE = YES;
				CLANG_WARN_UNGUARDED_AVAILABILITY = YES_AGGRESSIVE;
				CLANG_WARN_UNREACHABLE_CODE = YES;
				CLANG_WARN__DUPLICATE_METHOD_MATCH = YES;
				COPY_PHASE_STRIP = NO;
				DEBUG_INFORMATION_FORMAT = dwarf;
				ENABLE_STRICT_OBJC_MSGSEND = YES;
				ENABLE_TESTABILITY = YES;
				ENABLE_USER_SCRIPT_SANDBOXING = YES;
				GCC_C_LANGUAGE_STANDARD = gnu17;
				GCC_DYNAMIC_NO_PIC = NO;
				GCC_NO_COMMON_BLOCKS = YES;
				GCC_OPTIMIZATION_LEVEL = 0;
				GCC_PREPROCESSOR_DEFINITIONS = (
					"DEBUG=1",
					"$(inherited)",
				);
				GCC_WARN_64_TO_32_BIT_CONVERSION = YES;
				GCC_WARN_ABOUT_RETURN_TYPE = YES_ERROR;
				GCC_WARN_UNDECLARED_SELECTOR = YES;
				GCC_WARN_UNINITIALIZED_AUTOS = YES_AGGRESSIVE;
				GCC_WARN_UNUSED_FUNCTION = YES;
				GCC_WARN_UNUSED_VARIABLE = YES;
				IPHONEOS_DEPLOYMENT_TARGET = 17.0;
				LOCALIZATION_PREFERS_STRING_CATALOGS = YES;
				MTL_ENABLE_DEBUG_INFO = INCLUDE_SOURCE;
				MTL_FAST_MATH = YES;
				ONLY_ACTIVE_ARCH = YES;
				SDKROOT = iphoneos;
				SWIFT_ACTIVE_COMPILATION_CONDITIONS = "DEBUG $(inherited)";
				SWIFT_OPTIMIZATION_LEVEL = "-Onone";
			};
			name = Debug;
		};
		C56C21552A2EE4E8008D2CBE /* Release */ = {
			isa = XCBuildConfiguration;
			buildSettings = {
				ALWAYS_SEARCH_USER_PATHS = NO;
				ASSETCATALOG_COMPILER_GENERATE_SWIFT_ASSET_SYMBOL_EXTENSIONS = YES;
				CLANG_ANALYZER_NONNULL = YES;
				CLANG_ANALYZER_NUMBER_OBJECT_CONVERSION = YES_AGGRESSIVE;
				CLANG_CXX_LANGUAGE_STANDARD = "gnu++20";
				CLANG_ENABLE_MODULES = YES;
				CLANG_ENABLE_OBJC_ARC = YES;
				CLANG_ENABLE_OBJC_WEAK = YES;
				CLANG_WARN_BLOCK_CAPTURE_AUTORELEASING = YES;
				CLANG_WARN_BOOL_CONVERSION = YES;
				CLANG_WARN_COMMA = YES;
				CLANG_WARN_CONSTANT_CONVERSION = YES;
				CLANG_WARN_DEPRECATED_OBJC_IMPLEMENTATIONS = YES;
				CLANG_WARN_DIRECT_OBJC_ISA_USAGE = YES_ERROR;
				CLANG_WARN_DOCUMENTATION_COMMENTS = YES;
				CLANG_WARN_EMPTY_BODY = YES;
				CLANG_WARN_ENUM_CONVERSION = YES;
				CLANG_WARN_INFINITE_RECURSION = YES;
				CLANG_WARN_INT_CONVERSION = YES;
				CLANG_WARN_NON_LITERAL_NULL_CONVERSION = YES;
				CLANG_WARN_OBJC_IMPLICIT_RETAIN_SELF = YES;
				CLANG_WARN_OBJC_LITERAL_CONVERSION = YES;
				CLANG_WARN_OBJC_ROOT_CLASS = YES_ERROR;
				CLANG_WARN_QUOTED_INCLUDE_IN_FRAMEWORK_HEADER = YES;
				CLANG_WARN_RANGE_LOOP_ANALYSIS = YES;
				CLANG_WARN_STRICT_PROTOTYPES = YES;
				CLANG_WARN_SUSPICIOUS_MOVE = YES;
				CLANG_WARN_UNGUARDED_AVAILABILITY = YES_AGGRESSIVE;
				CLANG_WARN_UNREACHABLE_CODE = YES;
				CLANG_WARN__DUPLICATE_METHOD_MATCH = YES;
				COPY_PHASE_STRIP = NO;
				DEBUG_INFORMATION_FORMAT = "dwarf-with-dsym";
				ENABLE_NS_ASSERTIONS = NO;
				ENABLE_STRICT_OBJC_MSGSEND = YES;
				ENABLE_USER_SCRIPT_SANDBOXING = YES;
				GCC_C_LANGUAGE_STANDARD = gnu17;
				GCC_NO_COMMON_BLOCKS = YES;
				GCC_WARN_64_TO_32_BIT_CONVERSION = YES;
				GCC_WARN_ABOUT_RETURN_TYPE = YES_ERROR;
				GCC_WARN_UNDECLARED_SELECTOR = YES;
				GCC_WARN_UNINITIALIZED_AUTOS = YES_AGGRESSIVE;
				GCC_WARN_UNUSED_FUNCTION = YES;
				GCC_WARN_UNUSED_VARIABLE = YES;
				IPHONEOS_DEPLOYMENT_TARGET = 17.0;
				LOCALIZATION_PREFERS_STRING_CATALOGS = YES;
				MTL_ENABLE_DEBUG_INFO = NO;
				MTL_FAST_MATH = YES;
				SDKROOT = iphoneos;
				SWIFT_COMPILATION_MODE = wholemodule;
				VALIDATE_PRODUCT = YES;
			};
			name = Release;
		};
		C56C21572A2EE4E8008D2CBE /* Debug */ = {
			isa = XCBuildConfiguration;
			buildSettings = {
				ALWAYS_EMBED_SWIFT_STANDARD_LIBRARIES = YES;
				ASSETCATALOG_COMPILER_APPICON_NAME = AppIcon;
				ASSETCATALOG_COMPILER_GLOBAL_ACCENT_COLOR_NAME = AccentColor;
				CODE_SIGN_ENTITLEMENTS = "Drive Logger/Drive_Logger.entitlements";
				CODE_SIGN_STYLE = Automatic;
				CURRENT_PROJECT_VERSION = 202301;
				DEVELOPMENT_ASSET_PATHS = "\"Drive Logger/Preview Content\"";
				DEVELOPMENT_TEAM = 7M5JDZSYX7;
				ENABLE_PREVIEWS = YES;
				GENERATE_INFOPLIST_FILE = YES;
				INFOPLIST_FILE = "Drive Logger/Info.plist";
				INFOPLIST_KEY_CFBundleDisplayName = "Drive Logger";
				INFOPLIST_KEY_NSLocationWhenInUseUsageDescription = "Your location is used to lable drives and provide accurate sunrise and sunset times";
				INFOPLIST_KEY_NSSupportsLiveActivities = YES;
				INFOPLIST_KEY_UIApplicationSceneManifest_Generation = YES;
				INFOPLIST_KEY_UIApplicationSupportsIndirectInputEvents = YES;
				INFOPLIST_KEY_UILaunchScreen_Generation = YES;
				INFOPLIST_KEY_UISupportedInterfaceOrientations = "UIInterfaceOrientationPortrait UIInterfaceOrientationPortraitUpsideDown";
				INFOPLIST_KEY_UISupportedInterfaceOrientations_iPad = UIInterfaceOrientationPortrait;
				LD_RUNPATH_SEARCH_PATHS = (
					"$(inherited)",
					"@executable_path/Frameworks",
				);
				MARKETING_VERSION = 2.0.0;
				MERGED_BINARY_TYPE = automatic;
				OTHER_LDFLAGS = "";
				PRODUCT_BUNDLE_IDENTIFIER = com.ronanfuruta.driveloggerbeta;
				PRODUCT_NAME = "$(TARGET_NAME)";
				SUPPORTED_PLATFORMS = "iphoneos iphonesimulator";
				SUPPORTS_MACCATALYST = NO;
				SUPPORTS_MAC_DESIGNED_FOR_IPHONE_IPAD = NO;
				SUPPORTS_XR_DESIGNED_FOR_IPHONE_IPAD = NO;
				SWIFT_EMIT_LOC_STRINGS = YES;
				SWIFT_VERSION = 5.0;
				TARGETED_DEVICE_FAMILY = 1;
			};
			name = Debug;
		};
		C56C21582A2EE4E8008D2CBE /* Release */ = {
			isa = XCBuildConfiguration;
			buildSettings = {
				ALWAYS_EMBED_SWIFT_STANDARD_LIBRARIES = YES;
				ASSETCATALOG_COMPILER_APPICON_NAME = AppIcon;
				ASSETCATALOG_COMPILER_GLOBAL_ACCENT_COLOR_NAME = AccentColor;
				CODE_SIGN_ENTITLEMENTS = "Drive Logger/Drive_Logger.entitlements";
				CODE_SIGN_STYLE = Automatic;
				CURRENT_PROJECT_VERSION = 202301;
				DEVELOPMENT_ASSET_PATHS = "\"Drive Logger/Preview Content\"";
				DEVELOPMENT_TEAM = 7M5JDZSYX7;
				ENABLE_PREVIEWS = YES;
				GENERATE_INFOPLIST_FILE = YES;
				INFOPLIST_FILE = "Drive Logger/Info.plist";
				INFOPLIST_KEY_CFBundleDisplayName = "Drive Logger";
				INFOPLIST_KEY_NSLocationWhenInUseUsageDescription = "Your location is used to lable drives and provide accurate sunrise and sunset times";
				INFOPLIST_KEY_NSSupportsLiveActivities = YES;
				INFOPLIST_KEY_UIApplicationSceneManifest_Generation = YES;
				INFOPLIST_KEY_UIApplicationSupportsIndirectInputEvents = YES;
				INFOPLIST_KEY_UILaunchScreen_Generation = YES;
				INFOPLIST_KEY_UISupportedInterfaceOrientations = "UIInterfaceOrientationPortrait UIInterfaceOrientationPortraitUpsideDown";
				INFOPLIST_KEY_UISupportedInterfaceOrientations_iPad = UIInterfaceOrientationPortrait;
				LD_RUNPATH_SEARCH_PATHS = (
					"$(inherited)",
					"@executable_path/Frameworks",
				);
				MARKETING_VERSION = 2.0.0;
				MERGED_BINARY_TYPE = automatic;
				OTHER_LDFLAGS = "";
				PRODUCT_BUNDLE_IDENTIFIER = com.ronanfuruta.driveloggerbeta;
				PRODUCT_NAME = "$(TARGET_NAME)";
				SUPPORTED_PLATFORMS = "iphoneos iphonesimulator";
				SUPPORTS_MACCATALYST = NO;
				SUPPORTS_MAC_DESIGNED_FOR_IPHONE_IPAD = NO;
				SUPPORTS_XR_DESIGNED_FOR_IPHONE_IPAD = NO;
				SWIFT_EMIT_LOC_STRINGS = YES;
				SWIFT_VERSION = 5.0;
				TARGETED_DEVICE_FAMILY = 1;
			};
			name = Release;
		};
		C56C215A2A2EE4E8008D2CBE /* Debug */ = {
			isa = XCBuildConfiguration;
			buildSettings = {
				ALWAYS_EMBED_SWIFT_STANDARD_LIBRARIES = YES;
				BUNDLE_LOADER = "$(TEST_HOST)";
				CODE_SIGN_STYLE = Automatic;
				CURRENT_PROJECT_VERSION = 1;
				DEVELOPMENT_TEAM = 7M5JDZSYX7;
				GENERATE_INFOPLIST_FILE = YES;
				IPHONEOS_DEPLOYMENT_TARGET = 17.0;
				MARKETING_VERSION = 1.0;
				PRODUCT_BUNDLE_IDENTIFIER = "com.ronanfuruta.Drive-LoggerTests";
				PRODUCT_NAME = "$(TARGET_NAME)";
				SWIFT_EMIT_LOC_STRINGS = NO;
				SWIFT_VERSION = 5.0;
				TARGETED_DEVICE_FAMILY = "1,2";
				TEST_HOST = "$(BUILT_PRODUCTS_DIR)/Drive Logger.app/$(BUNDLE_EXECUTABLE_FOLDER_PATH)/Drive Logger";
			};
			name = Debug;
		};
		C56C215B2A2EE4E8008D2CBE /* Release */ = {
			isa = XCBuildConfiguration;
			buildSettings = {
				ALWAYS_EMBED_SWIFT_STANDARD_LIBRARIES = YES;
				BUNDLE_LOADER = "$(TEST_HOST)";
				CODE_SIGN_STYLE = Automatic;
				CURRENT_PROJECT_VERSION = 1;
				DEVELOPMENT_TEAM = 7M5JDZSYX7;
				GENERATE_INFOPLIST_FILE = YES;
				IPHONEOS_DEPLOYMENT_TARGET = 17.0;
				MARKETING_VERSION = 1.0;
				PRODUCT_BUNDLE_IDENTIFIER = "com.ronanfuruta.Drive-LoggerTests";
				PRODUCT_NAME = "$(TARGET_NAME)";
				SWIFT_EMIT_LOC_STRINGS = NO;
				SWIFT_VERSION = 5.0;
				TARGETED_DEVICE_FAMILY = "1,2";
				TEST_HOST = "$(BUILT_PRODUCTS_DIR)/Drive Logger.app/$(BUNDLE_EXECUTABLE_FOLDER_PATH)/Drive Logger";
			};
			name = Release;
		};
		C56C215D2A2EE4E8008D2CBE /* Debug */ = {
			isa = XCBuildConfiguration;
			buildSettings = {
				ALWAYS_EMBED_SWIFT_STANDARD_LIBRARIES = YES;
				CODE_SIGN_STYLE = Automatic;
				CURRENT_PROJECT_VERSION = 1;
				DEVELOPMENT_TEAM = 7M5JDZSYX7;
				GENERATE_INFOPLIST_FILE = YES;
				MARKETING_VERSION = 1.0;
				PRODUCT_BUNDLE_IDENTIFIER = "com.ronanfuruta.Drive-LoggerUITests";
				PRODUCT_NAME = "$(TARGET_NAME)";
				SWIFT_EMIT_LOC_STRINGS = NO;
				SWIFT_VERSION = 5.0;
				TARGETED_DEVICE_FAMILY = "1,2";
				TEST_TARGET_NAME = "Drive Logger";
			};
			name = Debug;
		};
		C56C215E2A2EE4E8008D2CBE /* Release */ = {
			isa = XCBuildConfiguration;
			buildSettings = {
				ALWAYS_EMBED_SWIFT_STANDARD_LIBRARIES = YES;
				CODE_SIGN_STYLE = Automatic;
				CURRENT_PROJECT_VERSION = 1;
				DEVELOPMENT_TEAM = 7M5JDZSYX7;
				GENERATE_INFOPLIST_FILE = YES;
				MARKETING_VERSION = 1.0;
				PRODUCT_BUNDLE_IDENTIFIER = "com.ronanfuruta.Drive-LoggerUITests";
				PRODUCT_NAME = "$(TARGET_NAME)";
				SWIFT_EMIT_LOC_STRINGS = NO;
				SWIFT_VERSION = 5.0;
				TARGETED_DEVICE_FAMILY = "1,2";
				TEST_TARGET_NAME = "Drive Logger";
			};
			name = Release;
		};
		C56C217C2A2EE53A008D2CBE /* Debug */ = {
			isa = XCBuildConfiguration;
			buildSettings = {
				CODE_SIGN_STYLE = Automatic;
				CURRENT_PROJECT_VERSION = 1;
				DEFINES_MODULE = YES;
				DEVELOPMENT_TEAM = 7M5JDZSYX7;
				DYLIB_COMPATIBILITY_VERSION = 1;
				DYLIB_CURRENT_VERSION = 1;
				DYLIB_INSTALL_NAME_BASE = "@rpath";
				ENABLE_MODULE_VERIFIER = YES;
				GENERATE_INFOPLIST_FILE = YES;
				INFOPLIST_KEY_NSHumanReadableCopyright = "";
				INSTALL_PATH = "$(LOCAL_LIBRARY_DIR)/Frameworks";
				LD_RUNPATH_SEARCH_PATHS = (
					"$(inherited)",
					"@executable_path/Frameworks",
					"@loader_path/Frameworks",
				);
				MARKETING_VERSION = 1.0;
				MODULE_VERIFIER_SUPPORTED_LANGUAGES = "objective-c objective-c++";
				MODULE_VERIFIER_SUPPORTED_LANGUAGE_STANDARDS = "gnu17 gnu++20";
				PRODUCT_BUNDLE_IDENTIFIER = com.ronanfuruta.DriveLoggerUI;
				PRODUCT_NAME = "$(TARGET_NAME:c99extidentifier)";
				SKIP_INSTALL = YES;
				SWIFT_EMIT_LOC_STRINGS = YES;
				SWIFT_VERSION = 5.0;
				TARGETED_DEVICE_FAMILY = "1,2";
				VERSIONING_SYSTEM = "apple-generic";
				VERSION_INFO_PREFIX = "";
			};
			name = Debug;
		};
		C56C217D2A2EE53A008D2CBE /* Release */ = {
			isa = XCBuildConfiguration;
			buildSettings = {
				CODE_SIGN_STYLE = Automatic;
				CURRENT_PROJECT_VERSION = 1;
				DEFINES_MODULE = YES;
				DEVELOPMENT_TEAM = 7M5JDZSYX7;
				DYLIB_COMPATIBILITY_VERSION = 1;
				DYLIB_CURRENT_VERSION = 1;
				DYLIB_INSTALL_NAME_BASE = "@rpath";
				ENABLE_MODULE_VERIFIER = YES;
				GENERATE_INFOPLIST_FILE = YES;
				INFOPLIST_KEY_NSHumanReadableCopyright = "";
				INSTALL_PATH = "$(LOCAL_LIBRARY_DIR)/Frameworks";
				LD_RUNPATH_SEARCH_PATHS = (
					"$(inherited)",
					"@executable_path/Frameworks",
					"@loader_path/Frameworks",
				);
				MARKETING_VERSION = 1.0;
				MODULE_VERIFIER_SUPPORTED_LANGUAGES = "objective-c objective-c++";
				MODULE_VERIFIER_SUPPORTED_LANGUAGE_STANDARDS = "gnu17 gnu++20";
				PRODUCT_BUNDLE_IDENTIFIER = com.ronanfuruta.DriveLoggerUI;
				PRODUCT_NAME = "$(TARGET_NAME:c99extidentifier)";
				SKIP_INSTALL = YES;
				SWIFT_EMIT_LOC_STRINGS = YES;
				SWIFT_VERSION = 5.0;
				TARGETED_DEVICE_FAMILY = "1,2";
				VERSIONING_SYSTEM = "apple-generic";
				VERSION_INFO_PREFIX = "";
			};
			name = Release;
		};
		C56C21802A2EE53A008D2CBE /* Debug */ = {
			isa = XCBuildConfiguration;
			buildSettings = {
				ALWAYS_EMBED_SWIFT_STANDARD_LIBRARIES = YES;
				CODE_SIGN_STYLE = Automatic;
				CURRENT_PROJECT_VERSION = 1;
				DEVELOPMENT_TEAM = 7M5JDZSYX7;
				GENERATE_INFOPLIST_FILE = YES;
				MARKETING_VERSION = 1.0;
				PRODUCT_BUNDLE_IDENTIFIER = com.ronanfuruta.DriveLoggerUITests;
				PRODUCT_NAME = "$(TARGET_NAME)";
				SWIFT_EMIT_LOC_STRINGS = NO;
				SWIFT_VERSION = 5.0;
				TARGETED_DEVICE_FAMILY = "1,2";
				TEST_HOST = "$(BUILT_PRODUCTS_DIR)/Drive Logger.app/$(BUNDLE_EXECUTABLE_FOLDER_PATH)/Drive Logger";
			};
			name = Debug;
		};
		C56C21812A2EE53A008D2CBE /* Release */ = {
			isa = XCBuildConfiguration;
			buildSettings = {
				ALWAYS_EMBED_SWIFT_STANDARD_LIBRARIES = YES;
				CODE_SIGN_STYLE = Automatic;
				CURRENT_PROJECT_VERSION = 1;
				DEVELOPMENT_TEAM = 7M5JDZSYX7;
				GENERATE_INFOPLIST_FILE = YES;
				MARKETING_VERSION = 1.0;
				PRODUCT_BUNDLE_IDENTIFIER = com.ronanfuruta.DriveLoggerUITests;
				PRODUCT_NAME = "$(TARGET_NAME)";
				SWIFT_EMIT_LOC_STRINGS = NO;
				SWIFT_VERSION = 5.0;
				TARGETED_DEVICE_FAMILY = "1,2";
				TEST_HOST = "$(BUILT_PRODUCTS_DIR)/Drive Logger.app/$(BUNDLE_EXECUTABLE_FOLDER_PATH)/Drive Logger";
			};
			name = Release;
		};
		C57FAD5D2A60EE4000B7AE44 /* Debug */ = {
			isa = XCBuildConfiguration;
			buildSettings = {
				ASSETCATALOG_COMPILER_GLOBAL_ACCENT_COLOR_NAME = AccentColor;
				ASSETCATALOG_COMPILER_WIDGET_BACKGROUND_COLOR_NAME = WidgetBackground;
				CODE_SIGN_ENTITLEMENTS = DLWidgetsExtension.entitlements;
				CODE_SIGN_STYLE = Automatic;
				CURRENT_PROJECT_VERSION = 1;
				DEVELOPMENT_TEAM = 7M5JDZSYX7;
				GENERATE_INFOPLIST_FILE = YES;
				INFOPLIST_FILE = DLWidgets/Info.plist;
				INFOPLIST_KEY_CFBundleDisplayName = DLWidgets;
				INFOPLIST_KEY_NSHumanReadableCopyright = "";
				LD_RUNPATH_SEARCH_PATHS = (
					"$(inherited)",
					"@executable_path/Frameworks",
					"@executable_path/../../Frameworks",
				);
				MARKETING_VERSION = 1.0;
				PRODUCT_BUNDLE_IDENTIFIER = com.ronanfuruta.driveloggerbeta.DLWidgets;
				PRODUCT_NAME = "$(TARGET_NAME)";
				SKIP_INSTALL = YES;
				SWIFT_EMIT_LOC_STRINGS = YES;
				SWIFT_VERSION = 5.0;
				TARGETED_DEVICE_FAMILY = "1,2";
			};
			name = Debug;
		};
		C57FAD5E2A60EE4000B7AE44 /* Release */ = {
			isa = XCBuildConfiguration;
			buildSettings = {
				ASSETCATALOG_COMPILER_GLOBAL_ACCENT_COLOR_NAME = AccentColor;
				ASSETCATALOG_COMPILER_WIDGET_BACKGROUND_COLOR_NAME = WidgetBackground;
				CODE_SIGN_ENTITLEMENTS = DLWidgetsExtension.entitlements;
				CODE_SIGN_STYLE = Automatic;
				CURRENT_PROJECT_VERSION = 1;
				DEVELOPMENT_TEAM = 7M5JDZSYX7;
				GENERATE_INFOPLIST_FILE = YES;
				INFOPLIST_FILE = DLWidgets/Info.plist;
				INFOPLIST_KEY_CFBundleDisplayName = DLWidgets;
				INFOPLIST_KEY_NSHumanReadableCopyright = "";
				LD_RUNPATH_SEARCH_PATHS = (
					"$(inherited)",
					"@executable_path/Frameworks",
					"@executable_path/../../Frameworks",
				);
				MARKETING_VERSION = 1.0;
				PRODUCT_BUNDLE_IDENTIFIER = com.ronanfuruta.driveloggerbeta.DLWidgets;
				PRODUCT_NAME = "$(TARGET_NAME)";
				SKIP_INSTALL = YES;
				SWIFT_EMIT_LOC_STRINGS = YES;
				SWIFT_VERSION = 5.0;
				TARGETED_DEVICE_FAMILY = "1,2";
			};
			name = Release;
		};
/* End XCBuildConfiguration section */

/* Begin XCConfigurationList section */
		C5302AF12A5AE6530069C684 /* Build configuration list for PBXNativeTarget "DriveLoggerKit" */ = {
			isa = XCConfigurationList;
			buildConfigurations = (
				C5302AF22A5AE6530069C684 /* Debug */,
				C5302AF32A5AE6530069C684 /* Release */,
			);
			defaultConfigurationIsVisible = 0;
			defaultConfigurationName = Release;
		};
		C5302AF42A5AE6530069C684 /* Build configuration list for PBXNativeTarget "DriveLoggerKitTests" */ = {
			isa = XCConfigurationList;
			buildConfigurations = (
				C5302AF52A5AE6530069C684 /* Debug */,
				C5302AF62A5AE6530069C684 /* Release */,
			);
			defaultConfigurationIsVisible = 0;
			defaultConfigurationName = Release;
		};
		C5302B342A5B06F90069C684 /* Build configuration list for PBXNativeTarget "DL Driving ActivityExtension" */ = {
			isa = XCConfigurationList;
			buildConfigurations = (
				C5302B352A5B06F90069C684 /* Debug */,
				C5302B362A5B06F90069C684 /* Release */,
			);
			defaultConfigurationIsVisible = 0;
			defaultConfigurationName = Release;
		};
		C56C21292A2EE4E7008D2CBE /* Build configuration list for PBXProject "Drive Logger" */ = {
			isa = XCConfigurationList;
			buildConfigurations = (
				C56C21542A2EE4E8008D2CBE /* Debug */,
				C56C21552A2EE4E8008D2CBE /* Release */,
			);
			defaultConfigurationIsVisible = 0;
			defaultConfigurationName = Release;
		};
		C56C21562A2EE4E8008D2CBE /* Build configuration list for PBXNativeTarget "Drive Logger" */ = {
			isa = XCConfigurationList;
			buildConfigurations = (
				C56C21572A2EE4E8008D2CBE /* Debug */,
				C56C21582A2EE4E8008D2CBE /* Release */,
			);
			defaultConfigurationIsVisible = 0;
			defaultConfigurationName = Release;
		};
		C56C21592A2EE4E8008D2CBE /* Build configuration list for PBXNativeTarget "Drive LoggerTests" */ = {
			isa = XCConfigurationList;
			buildConfigurations = (
				C56C215A2A2EE4E8008D2CBE /* Debug */,
				C56C215B2A2EE4E8008D2CBE /* Release */,
			);
			defaultConfigurationIsVisible = 0;
			defaultConfigurationName = Release;
		};
		C56C215C2A2EE4E8008D2CBE /* Build configuration list for PBXNativeTarget "Drive LoggerUITests" */ = {
			isa = XCConfigurationList;
			buildConfigurations = (
				C56C215D2A2EE4E8008D2CBE /* Debug */,
				C56C215E2A2EE4E8008D2CBE /* Release */,
			);
			defaultConfigurationIsVisible = 0;
			defaultConfigurationName = Release;
		};
		C56C217B2A2EE53A008D2CBE /* Build configuration list for PBXNativeTarget "DriveLoggerUI" */ = {
			isa = XCConfigurationList;
			buildConfigurations = (
				C56C217C2A2EE53A008D2CBE /* Debug */,
				C56C217D2A2EE53A008D2CBE /* Release */,
			);
			defaultConfigurationIsVisible = 0;
			defaultConfigurationName = Release;
		};
		C56C217F2A2EE53A008D2CBE /* Build configuration list for PBXNativeTarget "DriveLoggerUITests" */ = {
			isa = XCConfigurationList;
			buildConfigurations = (
				C56C21802A2EE53A008D2CBE /* Debug */,
				C56C21812A2EE53A008D2CBE /* Release */,
			);
			defaultConfigurationIsVisible = 0;
			defaultConfigurationName = Release;
		};
		C57FAD5C2A60EE4000B7AE44 /* Build configuration list for PBXNativeTarget "DLWidgetsExtension" */ = {
			isa = XCConfigurationList;
			buildConfigurations = (
				C57FAD5D2A60EE4000B7AE44 /* Debug */,
				C57FAD5E2A60EE4000B7AE44 /* Release */,
			);
			defaultConfigurationIsVisible = 0;
			defaultConfigurationName = Release;
		};
/* End XCConfigurationList section */

/* Begin XCRemoteSwiftPackageReference section */
		C58C535B2A32ECBF006FD700 /* XCRemoteSwiftPackageReference "Disk" */ = {
			isa = XCRemoteSwiftPackageReference;
			repositoryURL = "https://github.com/saoudrizwan/Disk";
			requirement = {
				kind = upToNextMajorVersion;
				minimumVersion = 0.6.4;
			};
		};
/* End XCRemoteSwiftPackageReference section */

/* Begin XCSwiftPackageProductDependency section */
		C5302B0C2A5AE6930069C684 /* Disk */ = {
			isa = XCSwiftPackageProductDependency;
			package = C58C535B2A32ECBF006FD700 /* XCRemoteSwiftPackageReference "Disk" */;
			productName = Disk;
		};
/* End XCSwiftPackageProductDependency section */
	};
	rootObject = C56C21262A2EE4E7008D2CBE /* Project object */;
}
